// !$*UTF8*$!
{
	archiveVersion = 1;
	classes = {
	};
	objectVersion = 56;
	objects = {

/* Begin PBXBuildFile section */
		F5036B312BBC7AF400847D6A /* TicTacSpatialApp.swift in Sources */ = {isa = PBXBuildFile; fileRef = F5036B302BBC7AF400847D6A /* TicTacSpatialApp.swift */; };
		F5036B332BBC7AF400847D6A /* TicTacSpatialRealityKitView.swift in Sources */ = {isa = PBXBuildFile; fileRef = F5036B322BBC7AF400847D6A /* TicTacSpatialRealityKitView.swift */; };
		F5036B352BBC7AF600847D6A /* Assets.xcassets in Resources */ = {isa = PBXBuildFile; fileRef = F5036B342BBC7AF600847D6A /* Assets.xcassets */; };
		F5036B382BBC7AF600847D6A /* Preview Assets.xcassets in Resources */ = {isa = PBXBuildFile; fileRef = F5036B372BBC7AF600847D6A /* Preview Assets.xcassets */; };
		F5036B432BBC7AF600847D6A /* TicTacSpatialTests.swift in Sources */ = {isa = PBXBuildFile; fileRef = F5036B422BBC7AF600847D6A /* TicTacSpatialTests.swift */; };
		F5036B512BBCC10900847D6A /* ttt.rkassets in Resources */ = {isa = PBXBuildFile; fileRef = F5036B502BBCC10900847D6A /* ttt.rkassets */; };
		F50FB20C2C0A09E2007CDA1F /* Quanterion.swift in Sources */ = {isa = PBXBuildFile; fileRef = F50FB20B2C0A09E2007CDA1F /* Quanterion.swift */; };
		F50FB20E2C0A0E1D007CDA1F /* String+Convenience.swift in Sources */ = {isa = PBXBuildFile; fileRef = F50FB20D2C0A0E1D007CDA1F /* String+Convenience.swift */; };
		F512E80E2BEDDF3000955FD2 /* TicTacSpatialRealityKitView.swift in Sources */ = {isa = PBXBuildFile; fileRef = F512E80D2BEDDF3000955FD2 /* TicTacSpatialRealityKitView.swift */; };
		F512E8142BEE57F000955FD2 /* Scene.usda in Resources */ = {isa = PBXBuildFile; fileRef = F512E8122BEE57F000955FD2 /* Scene.usda */; };
		F512E8152BEE57F000955FD2 /* Scene3D.usda in Resources */ = {isa = PBXBuildFile; fileRef = F512E8132BEE57F000955FD2 /* Scene3D.usda */; };
		F512E81D2BF3AE7A00955FD2 /* Utilities.swift in Sources */ = {isa = PBXBuildFile; fileRef = F512E81C2BF3AE7A00955FD2 /* Utilities.swift */; };
		F51E959C2BC3289D00FC33D3 /* readme.md in Resources */ = {isa = PBXBuildFile; fileRef = F51E959B2BC3289D00FC33D3 /* readme.md */; };
		F51E95CA2BC35EDC00FC33D3 /* Dashboard.swift in Sources */ = {isa = PBXBuildFile; fileRef = F51E95C92BC35EDC00FC33D3 /* Dashboard.swift */; };
		F5280DA62C23F372008F6BDE /* cloudy-sky.skybox in Resources */ = {isa = PBXBuildFile; fileRef = F5280DA52C23F372008F6BDE /* cloudy-sky.skybox */; };
		F555D5C72BD2B17F00B92AA4 /* GameBot.swift in Sources */ = {isa = PBXBuildFile; fileRef = F555D5C62BD2B17F00B92AA4 /* GameBot.swift */; };
		F555D5D82BD4488600B92AA4 /* TicTacToeController.framework in Frameworks */ = {isa = PBXBuildFile; fileRef = F555D5CE2BD4488600B92AA4 /* TicTacToeController.framework */; };
		F555D5DF2BD4488600B92AA4 /* TicTacToeControllerTests.swift in Sources */ = {isa = PBXBuildFile; fileRef = F555D5DE2BD4488600B92AA4 /* TicTacToeControllerTests.swift */; };
		F555D5E32BD4488600B92AA4 /* TicTacToeController.framework in Frameworks */ = {isa = PBXBuildFile; fileRef = F555D5CE2BD4488600B92AA4 /* TicTacToeController.framework */; };
		F555D5E42BD4488600B92AA4 /* TicTacToeController.framework in Embed Frameworks */ = {isa = PBXBuildFile; fileRef = F555D5CE2BD4488600B92AA4 /* TicTacToeController.framework */; settings = {ATTRIBUTES = (CodeSignOnCopy, RemoveHeadersOnCopy, ); }; };
		F555D5EF2BD448E700B92AA4 /* TicTacToeController.docc in Sources */ = {isa = PBXBuildFile; fileRef = F555D5EC2BD448E700B92AA4 /* TicTacToeController.docc */; };
		F555D5F02BD448E700B92AA4 /* TicTacToeController.h in Headers */ = {isa = PBXBuildFile; fileRef = F555D5ED2BD448E700B92AA4 /* TicTacToeController.h */; };
		F555D5F22BD4491200B92AA4 /* TicTacToeEngine.framework in Frameworks */ = {isa = PBXBuildFile; fileRef = F5FDC98C2BCDE366001EC38B /* TicTacToeEngine.framework */; };
		F555D5F32BD4491200B92AA4 /* TicTacToeEngine.framework in Embed Frameworks */ = {isa = PBXBuildFile; fileRef = F5FDC98C2BCDE366001EC38B /* TicTacToeEngine.framework */; settings = {ATTRIBUTES = (CodeSignOnCopy, RemoveHeadersOnCopy, ); }; };
		F555D5F72BD4494000B92AA4 /* TicTacSpatialActivity.swift in Sources */ = {isa = PBXBuildFile; fileRef = F5CC50BF2BD0525400EC88FB /* TicTacSpatialActivity.swift */; };
		F555D5F82BD4496500B92AA4 /* TicTacToeController.framework in Frameworks */ = {isa = PBXBuildFile; fileRef = F555D5CE2BD4488600B92AA4 /* TicTacToeController.framework */; };
		F555D5F92BD4496500B92AA4 /* TicTacToeController.framework in Embed Frameworks */ = {isa = PBXBuildFile; fileRef = F555D5CE2BD4488600B92AA4 /* TicTacToeController.framework */; settings = {ATTRIBUTES = (CodeSignOnCopy, RemoveHeadersOnCopy, ); }; };
		F555D6012BD4CC6A00B92AA4 /* DashboardUIComponents.swift in Sources */ = {isa = PBXBuildFile; fileRef = F555D6002BD4CC6A00B92AA4 /* DashboardUIComponents.swift */; };
		F555D6052BDAD4A500B92AA4 /* TicTacToeController.h in Headers */ = {isa = PBXBuildFile; fileRef = F555D5ED2BD448E700B92AA4 /* TicTacToeController.h */; settings = {ATTRIBUTES = (Public, ); }; };
		F555D6072BE131DD00B92AA4 /* WinningLine.swift in Sources */ = {isa = PBXBuildFile; fileRef = F555D6062BE131DD00B92AA4 /* WinningLine.swift */; };
		F555D6092BE1322A00B92AA4 /* GameboardLocation.swift in Sources */ = {isa = PBXBuildFile; fileRef = F555D6082BE1322A00B92AA4 /* GameboardLocation.swift */; };
		F555D60B2BE1351500B92AA4 /* Gameboard.swift in Sources */ = {isa = PBXBuildFile; fileRef = F555D60A2BE1351500B92AA4 /* Gameboard.swift */; };
		F58960F42C0AC26A003B4940 /* GameboardController2.swift in Sources */ = {isa = PBXBuildFile; fileRef = F58960F32C0AC26A003B4940 /* GameboardController2.swift */; };
		F58960F52C0AC2A3003B4940 /* Logger+Convenience.swift in Sources */ = {isa = PBXBuildFile; fileRef = F50FB2092C0A06A1007CDA1F /* Logger+Convenience.swift */; };
		F58960F72C0AC36C003B4940 /* RealityKit+Helpers.swift in Sources */ = {isa = PBXBuildFile; fileRef = F58960F62C0AC36C003B4940 /* RealityKit+Helpers.swift */; };
		F59776462BCF08240090DF5F /* TicTacToeEngine.framework in Frameworks */ = {isa = PBXBuildFile; fileRef = F5FDC98C2BCDE366001EC38B /* TicTacToeEngine.framework */; };
		F59776472BCF08240090DF5F /* TicTacToeEngine.framework in Embed Frameworks */ = {isa = PBXBuildFile; fileRef = F5FDC98C2BCDE366001EC38B /* TicTacToeEngine.framework */; settings = {ATTRIBUTES = (CodeSignOnCopy, RemoveHeadersOnCopy, ); }; };
		F5CC50BE2BCFF14400EC88FB /* Dashboard.swift in Sources */ = {isa = PBXBuildFile; fileRef = F5CC50BD2BCFF14400EC88FB /* Dashboard.swift */; };
		F5D0C54C2C235E3E0037DD32 /* SCNVector3+Convience.swift in Sources */ = {isa = PBXBuildFile; fileRef = F5D0C54B2C235E3E0037DD32 /* SCNVector3+Convience.swift */; };
		F5FDC9552BCDD8CE001EC38B /* TicTacSpatialApp.swift in Sources */ = {isa = PBXBuildFile; fileRef = F5FDC9542BCDD8CE001EC38B /* TicTacSpatialApp.swift */; };
		F5FDC9592BCDD8CF001EC38B /* Assets.xcassets in Resources */ = {isa = PBXBuildFile; fileRef = F5FDC9582BCDD8CF001EC38B /* Assets.xcassets */; };
		F5FDC95D2BCDD8CF001EC38B /* Preview Assets.xcassets in Resources */ = {isa = PBXBuildFile; fileRef = F5FDC95C2BCDD8CF001EC38B /* Preview Assets.xcassets */; };
		F5FDC9672BCDD8D0001EC38B /* TicTacSpatialXTests.swift in Sources */ = {isa = PBXBuildFile; fileRef = F5FDC9662BCDD8D0001EC38B /* TicTacSpatialXTests.swift */; };
		F5FDC9902BCDE366001EC38B /* GameCore.docc in Sources */ = {isa = PBXBuildFile; fileRef = F5FDC98F2BCDE366001EC38B /* GameCore.docc */; };
		F5FDC9962BCDE366001EC38B /* TicTacToeEngine.framework in Frameworks */ = {isa = PBXBuildFile; fileRef = F5FDC98C2BCDE366001EC38B /* TicTacToeEngine.framework */; };
		F5FDC99D2BCDE366001EC38B /* TicTacToeEngineTests.swift in Sources */ = {isa = PBXBuildFile; fileRef = F5FDC99C2BCDE366001EC38B /* TicTacToeEngineTests.swift */; };
		F5FDC99E2BCDE366001EC38B /* TicTacToeEngine.h in Headers */ = {isa = PBXBuildFile; fileRef = F5FDC98E2BCDE366001EC38B /* TicTacToeEngine.h */; settings = {ATTRIBUTES = (Public, ); }; };
		F5FDC9AA2BCDE387001EC38B /* GameSession.swift in Sources */ = {isa = PBXBuildFile; fileRef = F51E95CB2BC4221B00FC33D3 /* GameSession.swift */; };
		F5FDC9AB2BCDE387001EC38B /* GameEngine.swift in Sources */ = {isa = PBXBuildFile; fileRef = F5A19BFA2BBE26C8007D8C1E /* GameEngine.swift */; };
		F5FDC9AC2BCDE387001EC38B /* GameEvents.swift in Sources */ = {isa = PBXBuildFile; fileRef = F51E95CF2BC6C8BB00FC33D3 /* GameEvents.swift */; };
		F5FDC9AD2BCDE38C001EC38B /* Collection+Convenience.swift in Sources */ = {isa = PBXBuildFile; fileRef = F51E95CD2BC4258300FC33D3 /* Collection+Convenience.swift */; };
		F5FDC9AE2BCDE38C001EC38B /* Queue.swift in Sources */ = {isa = PBXBuildFile; fileRef = F51E95D12BC8275200FC33D3 /* Queue.swift */; };
		F5FDC9B02BCDE5CD001EC38B /* TicTacToeEngine.framework in Frameworks */ = {isa = PBXBuildFile; fileRef = F5FDC98C2BCDE366001EC38B /* TicTacToeEngine.framework */; };
		F5FDC9B12BCDE5CD001EC38B /* TicTacToeEngine.framework in Embed Frameworks */ = {isa = PBXBuildFile; fileRef = F5FDC98C2BCDE366001EC38B /* TicTacToeEngine.framework */; settings = {ATTRIBUTES = (CodeSignOnCopy, RemoveHeadersOnCopy, ); }; };
		F5FDC9BE2BCDFB7E001EC38B /* Block2.usdz in Resources */ = {isa = PBXBuildFile; fileRef = F5FDC9B92BCDFB7E001EC38B /* Block2.usdz */; };
		F5FDC9BF2BCDFB7E001EC38B /* Line.usdz in Resources */ = {isa = PBXBuildFile; fileRef = F5FDC9BA2BCDFB7E001EC38B /* Line.usdz */; };
		F5FDC9C02BCDFB7E001EC38B /* marker-o.usdz in Resources */ = {isa = PBXBuildFile; fileRef = F5FDC9BB2BCDFB7E001EC38B /* marker-o.usdz */; };
		F5FDC9C12BCDFB7E001EC38B /* marker-x.usdz in Resources */ = {isa = PBXBuildFile; fileRef = F5FDC9BC2BCDFB7E001EC38B /* marker-x.usdz */; };
		F5FDC9C52BCEA878001EC38B /* Pole.usdz in Resources */ = {isa = PBXBuildFile; fileRef = F5FDC9C42BCEA878001EC38B /* Pole.usdz */; };
/* End PBXBuildFile section */

/* Begin PBXContainerItemProxy section */
		F5036B3F2BBC7AF600847D6A /* PBXContainerItemProxy */ = {
			isa = PBXContainerItemProxy;
			containerPortal = F5036B212BBC7AF400847D6A /* Project object */;
			proxyType = 1;
			remoteGlobalIDString = F5036B282BBC7AF400847D6A;
			remoteInfo = tictacspatial;
		};
		F555D5D92BD4488600B92AA4 /* PBXContainerItemProxy */ = {
			isa = PBXContainerItemProxy;
			containerPortal = F5036B212BBC7AF400847D6A /* Project object */;
			proxyType = 1;
			remoteGlobalIDString = F555D5CD2BD4488600B92AA4;
			remoteInfo = TicTacToeController;
		};
		F555D5DB2BD4488600B92AA4 /* PBXContainerItemProxy */ = {
			isa = PBXContainerItemProxy;
			containerPortal = F5036B212BBC7AF400847D6A /* Project object */;
			proxyType = 1;
			remoteGlobalIDString = F5FDC9512BCDD8CE001EC38B;
			remoteInfo = "TicTacSpatial-iOS";
		};
		F555D5E12BD4488600B92AA4 /* PBXContainerItemProxy */ = {
			isa = PBXContainerItemProxy;
			containerPortal = F5036B212BBC7AF400847D6A /* Project object */;
			proxyType = 1;
			remoteGlobalIDString = F555D5CD2BD4488600B92AA4;
			remoteInfo = TicTacToeController;
		};
		F555D5F42BD4491200B92AA4 /* PBXContainerItemProxy */ = {
			isa = PBXContainerItemProxy;
			containerPortal = F5036B212BBC7AF400847D6A /* Project object */;
			proxyType = 1;
			remoteGlobalIDString = F5FDC98B2BCDE366001EC38B;
			remoteInfo = TicTacToeEngine;
		};
		F555D5FA2BD4496500B92AA4 /* PBXContainerItemProxy */ = {
			isa = PBXContainerItemProxy;
			containerPortal = F5036B212BBC7AF400847D6A /* Project object */;
			proxyType = 1;
			remoteGlobalIDString = F555D5CD2BD4488600B92AA4;
			remoteInfo = TicTacToeController;
		};
		F59776482BCF08240090DF5F /* PBXContainerItemProxy */ = {
			isa = PBXContainerItemProxy;
			containerPortal = F5036B212BBC7AF400847D6A /* Project object */;
			proxyType = 1;
			remoteGlobalIDString = F5FDC98B2BCDE366001EC38B;
			remoteInfo = TicTacToeEngine;
		};
		F5FDC9632BCDD8D0001EC38B /* PBXContainerItemProxy */ = {
			isa = PBXContainerItemProxy;
			containerPortal = F5036B212BBC7AF400847D6A /* Project object */;
			proxyType = 1;
			remoteGlobalIDString = F5FDC9512BCDD8CE001EC38B;
			remoteInfo = TicTacSpatialX;
		};
		F5FDC9972BCDE366001EC38B /* PBXContainerItemProxy */ = {
			isa = PBXContainerItemProxy;
			containerPortal = F5036B212BBC7AF400847D6A /* Project object */;
			proxyType = 1;
			remoteGlobalIDString = F5FDC98B2BCDE366001EC38B;
			remoteInfo = GameCore;
		};
		F5FDC9992BCDE366001EC38B /* PBXContainerItemProxy */ = {
			isa = PBXContainerItemProxy;
			containerPortal = F5036B212BBC7AF400847D6A /* Project object */;
			proxyType = 1;
			remoteGlobalIDString = F5036B282BBC7AF400847D6A;
			remoteInfo = "TicTacSpactial-visionOS";
		};
		F5FDC9B22BCDE5CD001EC38B /* PBXContainerItemProxy */ = {
			isa = PBXContainerItemProxy;
			containerPortal = F5036B212BBC7AF400847D6A /* Project object */;
			proxyType = 1;
			remoteGlobalIDString = F5FDC98B2BCDE366001EC38B;
			remoteInfo = GameCore;
		};
/* End PBXContainerItemProxy section */

/* Begin PBXCopyFilesBuildPhase section */
		F555D5F62BD4491200B92AA4 /* Embed Frameworks */ = {
			isa = PBXCopyFilesBuildPhase;
			buildActionMask = 2147483647;
			dstPath = "";
			dstSubfolderSpec = 10;
			files = (
				F555D5F32BD4491200B92AA4 /* TicTacToeEngine.framework in Embed Frameworks */,
			);
			name = "Embed Frameworks";
			runOnlyForDeploymentPostprocessing = 0;
		};
		F597764A2BCF08240090DF5F /* Embed Frameworks */ = {
			isa = PBXCopyFilesBuildPhase;
			buildActionMask = 2147483647;
			dstPath = "";
			dstSubfolderSpec = 10;
			files = (
				F59776472BCF08240090DF5F /* TicTacToeEngine.framework in Embed Frameworks */,
				F555D5E42BD4488600B92AA4 /* TicTacToeController.framework in Embed Frameworks */,
			);
			name = "Embed Frameworks";
			runOnlyForDeploymentPostprocessing = 0;
		};
		F5FDC9B42BCDE5CD001EC38B /* Embed Frameworks */ = {
			isa = PBXCopyFilesBuildPhase;
			buildActionMask = 2147483647;
			dstPath = "";
			dstSubfolderSpec = 10;
			files = (
				F5FDC9B12BCDE5CD001EC38B /* TicTacToeEngine.framework in Embed Frameworks */,
				F555D5F92BD4496500B92AA4 /* TicTacToeController.framework in Embed Frameworks */,
			);
			name = "Embed Frameworks";
			runOnlyForDeploymentPostprocessing = 0;
		};
/* End PBXCopyFilesBuildPhase section */

/* Begin PBXFileReference section */
		F5036B292BBC7AF400847D6A /* TicTacSpatial.app */ = {isa = PBXFileReference; explicitFileType = wrapper.application; includeInIndex = 0; path = TicTacSpatial.app; sourceTree = BUILT_PRODUCTS_DIR; };
		F5036B302BBC7AF400847D6A /* TicTacSpatialApp.swift */ = {isa = PBXFileReference; lastKnownFileType = sourcecode.swift; path = TicTacSpatialApp.swift; sourceTree = "<group>"; };
		F5036B322BBC7AF400847D6A /* TicTacSpatialRealityKitView.swift */ = {isa = PBXFileReference; lastKnownFileType = sourcecode.swift; path = TicTacSpatialRealityKitView.swift; sourceTree = "<group>"; };
		F5036B342BBC7AF600847D6A /* Assets.xcassets */ = {isa = PBXFileReference; lastKnownFileType = folder.assetcatalog; path = Assets.xcassets; sourceTree = "<group>"; };
		F5036B372BBC7AF600847D6A /* Preview Assets.xcassets */ = {isa = PBXFileReference; lastKnownFileType = folder.assetcatalog; path = "Preview Assets.xcassets"; sourceTree = "<group>"; };
		F5036B392BBC7AF600847D6A /* Info.plist */ = {isa = PBXFileReference; lastKnownFileType = text.plist.xml; path = Info.plist; sourceTree = "<group>"; };
		F5036B3E2BBC7AF600847D6A /* TicTacSpactial-visionOS-Tests.xctest */ = {isa = PBXFileReference; explicitFileType = wrapper.cfbundle; includeInIndex = 0; path = "TicTacSpactial-visionOS-Tests.xctest"; sourceTree = BUILT_PRODUCTS_DIR; };
		F5036B422BBC7AF600847D6A /* TicTacSpatialTests.swift */ = {isa = PBXFileReference; lastKnownFileType = sourcecode.swift; path = TicTacSpatialTests.swift; sourceTree = "<group>"; };
		F5036B502BBCC10900847D6A /* ttt.rkassets */ = {isa = PBXFileReference; lastKnownFileType = folder.rkassets; path = ttt.rkassets; sourceTree = "<group>"; };
		F50FB2082C07E464007CDA1F /* Info.plist */ = {isa = PBXFileReference; lastKnownFileType = text.plist; path = Info.plist; sourceTree = "<group>"; };
		F50FB2092C0A06A1007CDA1F /* Logger+Convenience.swift */ = {isa = PBXFileReference; lastKnownFileType = sourcecode.swift; path = "Logger+Convenience.swift"; sourceTree = "<group>"; };
		F50FB20B2C0A09E2007CDA1F /* Quanterion.swift */ = {isa = PBXFileReference; lastKnownFileType = sourcecode.swift; path = Quanterion.swift; sourceTree = "<group>"; };
		F50FB20D2C0A0E1D007CDA1F /* String+Convenience.swift */ = {isa = PBXFileReference; lastKnownFileType = sourcecode.swift; path = "String+Convenience.swift"; sourceTree = "<group>"; };
		F512E80D2BEDDF3000955FD2 /* TicTacSpatialRealityKitView.swift */ = {isa = PBXFileReference; lastKnownFileType = sourcecode.swift; path = TicTacSpatialRealityKitView.swift; sourceTree = "<group>"; };
		F512E8122BEE57F000955FD2 /* Scene.usda */ = {isa = PBXFileReference; fileEncoding = 4; lastKnownFileType = text; path = Scene.usda; sourceTree = "<group>"; };
		F512E8132BEE57F000955FD2 /* Scene3D.usda */ = {isa = PBXFileReference; fileEncoding = 4; lastKnownFileType = text; path = Scene3D.usda; sourceTree = "<group>"; };
		F512E81C2BF3AE7A00955FD2 /* Utilities.swift */ = {isa = PBXFileReference; lastKnownFileType = sourcecode.swift; path = Utilities.swift; sourceTree = "<group>"; };
		F51D63062BE2EA540004B37D /* TicTacToeEngine.xctestplan */ = {isa = PBXFileReference; lastKnownFileType = text; path = TicTacToeEngine.xctestplan; sourceTree = SOURCE_ROOT; };
		F51E959B2BC3289D00FC33D3 /* readme.md */ = {isa = PBXFileReference; lastKnownFileType = net.daringfireball.markdown; path = readme.md; sourceTree = SOURCE_ROOT; };
		F51E95C92BC35EDC00FC33D3 /* Dashboard.swift */ = {isa = PBXFileReference; lastKnownFileType = sourcecode.swift; path = Dashboard.swift; sourceTree = "<group>"; };
		F51E95CB2BC4221B00FC33D3 /* GameSession.swift */ = {isa = PBXFileReference; lastKnownFileType = sourcecode.swift; path = GameSession.swift; sourceTree = "<group>"; };
		F51E95CD2BC4258300FC33D3 /* Collection+Convenience.swift */ = {isa = PBXFileReference; lastKnownFileType = sourcecode.swift; path = "Collection+Convenience.swift"; sourceTree = "<group>"; };
		F51E95CF2BC6C8BB00FC33D3 /* GameEvents.swift */ = {isa = PBXFileReference; lastKnownFileType = sourcecode.swift; path = GameEvents.swift; sourceTree = "<group>"; };
		F51E95D12BC8275200FC33D3 /* Queue.swift */ = {isa = PBXFileReference; lastKnownFileType = sourcecode.swift; path = Queue.swift; sourceTree = "<group>"; };
		F5280DA52C23F372008F6BDE /* cloudy-sky.skybox */ = {isa = PBXFileReference; lastKnownFileType = file.skybox; path = "cloudy-sky.skybox"; sourceTree = "<group>"; };
		F555D5C62BD2B17F00B92AA4 /* GameBot.swift */ = {isa = PBXFileReference; lastKnownFileType = sourcecode.swift; path = GameBot.swift; sourceTree = "<group>"; };
		F555D5CE2BD4488600B92AA4 /* TicTacToeController.framework */ = {isa = PBXFileReference; explicitFileType = wrapper.framework; includeInIndex = 0; path = TicTacToeController.framework; sourceTree = BUILT_PRODUCTS_DIR; };
		F555D5D72BD4488600B92AA4 /* TicTacToeControllerTests.xctest */ = {isa = PBXFileReference; explicitFileType = wrapper.cfbundle; includeInIndex = 0; path = TicTacToeControllerTests.xctest; sourceTree = BUILT_PRODUCTS_DIR; };
		F555D5DE2BD4488600B92AA4 /* TicTacToeControllerTests.swift */ = {isa = PBXFileReference; lastKnownFileType = sourcecode.swift; path = TicTacToeControllerTests.swift; sourceTree = "<group>"; };
		F555D5EC2BD448E700B92AA4 /* TicTacToeController.docc */ = {isa = PBXFileReference; lastKnownFileType = folder.documentationcatalog; path = TicTacToeController.docc; sourceTree = "<group>"; };
		F555D5ED2BD448E700B92AA4 /* TicTacToeController.h */ = {isa = PBXFileReference; fileEncoding = 4; lastKnownFileType = sourcecode.c.h; path = TicTacToeController.h; sourceTree = "<group>"; };
		F555D6002BD4CC6A00B92AA4 /* DashboardUIComponents.swift */ = {isa = PBXFileReference; lastKnownFileType = sourcecode.swift; path = DashboardUIComponents.swift; sourceTree = "<group>"; };
		F555D6042BD4F81400B92AA4 /* TicTacSpactial-visionOS.entitlements */ = {isa = PBXFileReference; lastKnownFileType = text.plist.entitlements; path = "TicTacSpactial-visionOS.entitlements"; sourceTree = "<group>"; };
		F555D6062BE131DD00B92AA4 /* WinningLine.swift */ = {isa = PBXFileReference; lastKnownFileType = sourcecode.swift; path = WinningLine.swift; sourceTree = "<group>"; };
		F555D6082BE1322A00B92AA4 /* GameboardLocation.swift */ = {isa = PBXFileReference; lastKnownFileType = sourcecode.swift; path = GameboardLocation.swift; sourceTree = "<group>"; };
		F555D60A2BE1351500B92AA4 /* Gameboard.swift */ = {isa = PBXFileReference; lastKnownFileType = sourcecode.swift; path = Gameboard.swift; sourceTree = "<group>"; };
		F58960F32C0AC26A003B4940 /* GameboardController2.swift */ = {isa = PBXFileReference; lastKnownFileType = sourcecode.swift; path = GameboardController2.swift; sourceTree = "<group>"; };
		F58960F62C0AC36C003B4940 /* RealityKit+Helpers.swift */ = {isa = PBXFileReference; lastKnownFileType = sourcecode.swift; path = "RealityKit+Helpers.swift"; sourceTree = "<group>"; };
		F5A19BFA2BBE26C8007D8C1E /* GameEngine.swift */ = {isa = PBXFileReference; lastKnownFileType = sourcecode.swift; path = GameEngine.swift; sourceTree = "<group>"; };
		F5CC50BD2BCFF14400EC88FB /* Dashboard.swift */ = {isa = PBXFileReference; lastKnownFileType = sourcecode.swift; path = Dashboard.swift; sourceTree = "<group>"; };
		F5CC50BF2BD0525400EC88FB /* TicTacSpatialActivity.swift */ = {isa = PBXFileReference; lastKnownFileType = sourcecode.swift; path = TicTacSpatialActivity.swift; sourceTree = "<group>"; };
		F5D0C54B2C235E3E0037DD32 /* SCNVector3+Convience.swift */ = {isa = PBXFileReference; lastKnownFileType = sourcecode.swift; path = "SCNVector3+Convience.swift"; sourceTree = "<group>"; };
		F5FDC9522BCDD8CE001EC38B /* TicTacSpatial.app */ = {isa = PBXFileReference; explicitFileType = wrapper.application; includeInIndex = 0; path = TicTacSpatial.app; sourceTree = BUILT_PRODUCTS_DIR; };
		F5FDC9542BCDD8CE001EC38B /* TicTacSpatialApp.swift */ = {isa = PBXFileReference; lastKnownFileType = sourcecode.swift; path = TicTacSpatialApp.swift; sourceTree = "<group>"; };
		F5FDC9582BCDD8CF001EC38B /* Assets.xcassets */ = {isa = PBXFileReference; lastKnownFileType = folder.assetcatalog; path = Assets.xcassets; sourceTree = "<group>"; };
		F5FDC95A2BCDD8CF001EC38B /* TicTacSpatial.entitlements */ = {isa = PBXFileReference; lastKnownFileType = text.plist.entitlements; path = TicTacSpatial.entitlements; sourceTree = "<group>"; };
		F5FDC95C2BCDD8CF001EC38B /* Preview Assets.xcassets */ = {isa = PBXFileReference; lastKnownFileType = folder.assetcatalog; path = "Preview Assets.xcassets"; sourceTree = "<group>"; };
		F5FDC9622BCDD8D0001EC38B /* TicTacSpatial-iOS-Tests.xctest */ = {isa = PBXFileReference; explicitFileType = wrapper.cfbundle; includeInIndex = 0; path = "TicTacSpatial-iOS-Tests.xctest"; sourceTree = BUILT_PRODUCTS_DIR; };
		F5FDC9662BCDD8D0001EC38B /* TicTacSpatialXTests.swift */ = {isa = PBXFileReference; lastKnownFileType = sourcecode.swift; path = TicTacSpatialXTests.swift; sourceTree = "<group>"; };
		F5FDC98C2BCDE366001EC38B /* TicTacToeEngine.framework */ = {isa = PBXFileReference; explicitFileType = wrapper.framework; includeInIndex = 0; path = TicTacToeEngine.framework; sourceTree = BUILT_PRODUCTS_DIR; };
		F5FDC98E2BCDE366001EC38B /* TicTacToeEngine.h */ = {isa = PBXFileReference; lastKnownFileType = sourcecode.c.h; path = TicTacToeEngine.h; sourceTree = "<group>"; };
		F5FDC98F2BCDE366001EC38B /* GameCore.docc */ = {isa = PBXFileReference; lastKnownFileType = folder.documentationcatalog; path = GameCore.docc; sourceTree = "<group>"; };
		F5FDC9952BCDE366001EC38B /* TicTacToeEngineTests.xctest */ = {isa = PBXFileReference; explicitFileType = wrapper.cfbundle; includeInIndex = 0; path = TicTacToeEngineTests.xctest; sourceTree = BUILT_PRODUCTS_DIR; };
		F5FDC99C2BCDE366001EC38B /* TicTacToeEngineTests.swift */ = {isa = PBXFileReference; lastKnownFileType = sourcecode.swift; path = TicTacToeEngineTests.swift; sourceTree = "<group>"; };
		F5FDC9B92BCDFB7E001EC38B /* Block2.usdz */ = {isa = PBXFileReference; lastKnownFileType = file.usdz; path = Block2.usdz; sourceTree = "<group>"; };
		F5FDC9BA2BCDFB7E001EC38B /* Line.usdz */ = {isa = PBXFileReference; lastKnownFileType = file.usdz; path = Line.usdz; sourceTree = "<group>"; };
		F5FDC9BB2BCDFB7E001EC38B /* marker-o.usdz */ = {isa = PBXFileReference; lastKnownFileType = file.usdz; path = "marker-o.usdz"; sourceTree = "<group>"; };
		F5FDC9BC2BCDFB7E001EC38B /* marker-x.usdz */ = {isa = PBXFileReference; lastKnownFileType = file.usdz; path = "marker-x.usdz"; sourceTree = "<group>"; };
		F5FDC9C42BCEA878001EC38B /* Pole.usdz */ = {isa = PBXFileReference; lastKnownFileType = file.usdz; path = Pole.usdz; sourceTree = "<group>"; };
/* End PBXFileReference section */

/* Begin PBXFrameworksBuildPhase section */
		F5036B262BBC7AF400847D6A /* Frameworks */ = {
			isa = PBXFrameworksBuildPhase;
			buildActionMask = 2147483647;
			files = (
				F5FDC9B02BCDE5CD001EC38B /* TicTacToeEngine.framework in Frameworks */,
				F555D5F82BD4496500B92AA4 /* TicTacToeController.framework in Frameworks */,
			);
			runOnlyForDeploymentPostprocessing = 0;
		};
		F5036B3B2BBC7AF600847D6A /* Frameworks */ = {
			isa = PBXFrameworksBuildPhase;
			buildActionMask = 2147483647;
			files = (
			);
			runOnlyForDeploymentPostprocessing = 0;
		};
		F555D5CB2BD4488600B92AA4 /* Frameworks */ = {
			isa = PBXFrameworksBuildPhase;
			buildActionMask = 2147483647;
			files = (
				F555D5F22BD4491200B92AA4 /* TicTacToeEngine.framework in Frameworks */,
			);
			runOnlyForDeploymentPostprocessing = 0;
		};
		F555D5D42BD4488600B92AA4 /* Frameworks */ = {
			isa = PBXFrameworksBuildPhase;
			buildActionMask = 2147483647;
			files = (
				F555D5D82BD4488600B92AA4 /* TicTacToeController.framework in Frameworks */,
			);
			runOnlyForDeploymentPostprocessing = 0;
		};
		F5FDC94F2BCDD8CE001EC38B /* Frameworks */ = {
			isa = PBXFrameworksBuildPhase;
			buildActionMask = 2147483647;
			files = (
				F59776462BCF08240090DF5F /* TicTacToeEngine.framework in Frameworks */,
				F555D5E32BD4488600B92AA4 /* TicTacToeController.framework in Frameworks */,
			);
			runOnlyForDeploymentPostprocessing = 0;
		};
		F5FDC95F2BCDD8D0001EC38B /* Frameworks */ = {
			isa = PBXFrameworksBuildPhase;
			buildActionMask = 2147483647;
			files = (
			);
			runOnlyForDeploymentPostprocessing = 0;
		};
		F5FDC9892BCDE366001EC38B /* Frameworks */ = {
			isa = PBXFrameworksBuildPhase;
			buildActionMask = 2147483647;
			files = (
			);
			runOnlyForDeploymentPostprocessing = 0;
		};
		F5FDC9922BCDE366001EC38B /* Frameworks */ = {
			isa = PBXFrameworksBuildPhase;
			buildActionMask = 2147483647;
			files = (
				F5FDC9962BCDE366001EC38B /* TicTacToeEngine.framework in Frameworks */,
			);
			runOnlyForDeploymentPostprocessing = 0;
		};
/* End PBXFrameworksBuildPhase section */

/* Begin PBXGroup section */
		F5036B202BBC7AF400847D6A = {
			isa = PBXGroup;
			children = (
				F51E959B2BC3289D00FC33D3 /* readme.md */,
				F5036B2B2BBC7AF400847D6A /* TicTacSpatial-visionOS */,
				F5036B412BBC7AF600847D6A /* TicTacSpatial-visionOS-Tests */,
				F5FDC9532BCDD8CE001EC38B /* TicTacSpatial-iOS */,
				F5FDC9652BCDD8D0001EC38B /* TicTacSpatial-iOS-Tests */,
				F555D5EE2BD448E700B92AA4 /* TicTacToeController */,
				F555D5DD2BD4488600B92AA4 /* TicTacToeControllerTests */,
				F5FDC98D2BCDE366001EC38B /* TicTacToeEngine */,
				F5FDC99B2BCDE366001EC38B /* TicTacToeEngineTests */,
				F5036B2A2BBC7AF400847D6A /* Products */,
				F5FDC9AF2BCDE5CD001EC38B /* Frameworks */,
			);
			sourceTree = "<group>";
		};
		F5036B2A2BBC7AF400847D6A /* Products */ = {
			isa = PBXGroup;
			children = (
				F5036B292BBC7AF400847D6A /* TicTacSpatial.app */,
				F5036B3E2BBC7AF600847D6A /* TicTacSpactial-visionOS-Tests.xctest */,
				F5FDC9522BCDD8CE001EC38B /* TicTacSpatial.app */,
				F5FDC9622BCDD8D0001EC38B /* TicTacSpatial-iOS-Tests.xctest */,
				F5FDC98C2BCDE366001EC38B /* TicTacToeEngine.framework */,
				F5FDC9952BCDE366001EC38B /* TicTacToeEngineTests.xctest */,
				F555D5CE2BD4488600B92AA4 /* TicTacToeController.framework */,
				F555D5D72BD4488600B92AA4 /* TicTacToeControllerTests.xctest */,
			);
			name = Products;
			sourceTree = "<group>";
		};
		F5036B2B2BBC7AF400847D6A /* TicTacSpatial-visionOS */ = {
			isa = PBXGroup;
			children = (
				F5FDC9842BCDDA75001EC38B /* Source */,
				F5036B342BBC7AF600847D6A /* Assets.xcassets */,
				F555D6042BD4F81400B92AA4 /* TicTacSpactial-visionOS.entitlements */,
				F5036B502BBCC10900847D6A /* ttt.rkassets */,
				F5036B392BBC7AF600847D6A /* Info.plist */,
				F5036B362BBC7AF600847D6A /* Preview Content */,
			);
			path = "TicTacSpatial-visionOS";
			sourceTree = "<group>";
		};
		F5036B362BBC7AF600847D6A /* Preview Content */ = {
			isa = PBXGroup;
			children = (
				F5036B372BBC7AF600847D6A /* Preview Assets.xcassets */,
			);
			path = "Preview Content";
			sourceTree = "<group>";
		};
		F5036B412BBC7AF600847D6A /* TicTacSpatial-visionOS-Tests */ = {
			isa = PBXGroup;
			children = (
				F5036B422BBC7AF600847D6A /* TicTacSpatialTests.swift */,
			);
			path = "TicTacSpatial-visionOS-Tests";
			sourceTree = "<group>";
		};
		F555D5DD2BD4488600B92AA4 /* TicTacToeControllerTests */ = {
			isa = PBXGroup;
			children = (
				F555D5DE2BD4488600B92AA4 /* TicTacToeControllerTests.swift */,
			);
			path = TicTacToeControllerTests;
			sourceTree = "<group>";
		};
		F555D5EE2BD448E700B92AA4 /* TicTacToeController */ = {
			isa = PBXGroup;
			children = (
				F5CC50BF2BD0525400EC88FB /* TicTacSpatialActivity.swift */,
				F555D6002BD4CC6A00B92AA4 /* DashboardUIComponents.swift */,
				F58960F32C0AC26A003B4940 /* GameboardController2.swift */,
				F50FB20B2C0A09E2007CDA1F /* Quanterion.swift */,
				F512E81C2BF3AE7A00955FD2 /* Utilities.swift */,
				F58960F62C0AC36C003B4940 /* RealityKit+Helpers.swift */,
				F555D5EC2BD448E700B92AA4 /* TicTacToeController.docc */,
				F555D5ED2BD448E700B92AA4 /* TicTacToeController.h */,
			);
			path = TicTacToeController;
			sourceTree = SOURCE_ROOT;
		};
		F5FDC9532BCDD8CE001EC38B /* TicTacSpatial-iOS */ = {
			isa = PBXGroup;
			children = (
				F5280DA52C23F372008F6BDE /* cloudy-sky.skybox */,
				F50FB2082C07E464007CDA1F /* Info.plist */,
				F5FDC9B62BCDED5B001EC38B /* Source */,
				F5FDC9BD2BCDFB7E001EC38B /* Resources */,
				F5FDC9582BCDD8CF001EC38B /* Assets.xcassets */,
				F5FDC95A2BCDD8CF001EC38B /* TicTacSpatial.entitlements */,
				F5FDC95B2BCDD8CF001EC38B /* Preview Content */,
			);
			path = "TicTacSpatial-iOS";
			sourceTree = "<group>";
		};
		F5FDC95B2BCDD8CF001EC38B /* Preview Content */ = {
			isa = PBXGroup;
			children = (
				F5FDC95C2BCDD8CF001EC38B /* Preview Assets.xcassets */,
			);
			path = "Preview Content";
			sourceTree = "<group>";
		};
		F5FDC9652BCDD8D0001EC38B /* TicTacSpatial-iOS-Tests */ = {
			isa = PBXGroup;
			children = (
				F5FDC9662BCDD8D0001EC38B /* TicTacSpatialXTests.swift */,
			);
			path = "TicTacSpatial-iOS-Tests";
			sourceTree = "<group>";
		};
		F5FDC9842BCDDA75001EC38B /* Source */ = {
			isa = PBXGroup;
			children = (
				F5036B302BBC7AF400847D6A /* TicTacSpatialApp.swift */,
				F5036B322BBC7AF400847D6A /* TicTacSpatialRealityKitView.swift */,
				F51E95C92BC35EDC00FC33D3 /* Dashboard.swift */,
			);
			path = Source;
			sourceTree = "<group>";
		};
		F5FDC9852BCDDFC7001EC38B /* Utilities */ = {
			isa = PBXGroup;
			children = (
				F51E95CD2BC4258300FC33D3 /* Collection+Convenience.swift */,
				F50FB20D2C0A0E1D007CDA1F /* String+Convenience.swift */,
				F51E95D12BC8275200FC33D3 /* Queue.swift */,
				F50FB2092C0A06A1007CDA1F /* Logger+Convenience.swift */,
			);
			path = Utilities;
			sourceTree = "<group>";
		};
		F5FDC98D2BCDE366001EC38B /* TicTacToeEngine */ = {
			isa = PBXGroup;
			children = (
				F5A19BFA2BBE26C8007D8C1E /* GameEngine.swift */,
				F51E95CF2BC6C8BB00FC33D3 /* GameEvents.swift */,
				F555D6082BE1322A00B92AA4 /* GameboardLocation.swift */,
				F555D6062BE131DD00B92AA4 /* WinningLine.swift */,
				F555D60A2BE1351500B92AA4 /* Gameboard.swift */,
				F51E95CB2BC4221B00FC33D3 /* GameSession.swift */,
				F555D5C62BD2B17F00B92AA4 /* GameBot.swift */,
				F5FDC9852BCDDFC7001EC38B /* Utilities */,
				F5FDC98E2BCDE366001EC38B /* TicTacToeEngine.h */,
				F5FDC98F2BCDE366001EC38B /* GameCore.docc */,
			);
			path = TicTacToeEngine;
			sourceTree = "<group>";
		};
		F5FDC99B2BCDE366001EC38B /* TicTacToeEngineTests */ = {
			isa = PBXGroup;
			children = (
				F51D63062BE2EA540004B37D /* TicTacToeEngine.xctestplan */,
				F5FDC99C2BCDE366001EC38B /* TicTacToeEngineTests.swift */,
			);
			path = TicTacToeEngineTests;
			sourceTree = "<group>";
		};
		F5FDC9AF2BCDE5CD001EC38B /* Frameworks */ = {
			isa = PBXGroup;
			children = (
			);
			name = Frameworks;
			sourceTree = "<group>";
		};
		F5FDC9B62BCDED5B001EC38B /* Source */ = {
			isa = PBXGroup;
			children = (
				F5FDC9542BCDD8CE001EC38B /* TicTacSpatialApp.swift */,
				F512E80D2BEDDF3000955FD2 /* TicTacSpatialRealityKitView.swift */,
				F5CC50BD2BCFF14400EC88FB /* Dashboard.swift */,
				F5D0C54B2C235E3E0037DD32 /* SCNVector3+Convience.swift */,
			);
			path = Source;
			sourceTree = "<group>";
		};
		F5FDC9BD2BCDFB7E001EC38B /* Resources */ = {
			isa = PBXGroup;
			children = (
				F512E8122BEE57F000955FD2 /* Scene.usda */,
				F512E8132BEE57F000955FD2 /* Scene3D.usda */,
				F5FDC9C42BCEA878001EC38B /* Pole.usdz */,
				F5FDC9B92BCDFB7E001EC38B /* Block2.usdz */,
				F5FDC9BA2BCDFB7E001EC38B /* Line.usdz */,
				F5FDC9BB2BCDFB7E001EC38B /* marker-o.usdz */,
				F5FDC9BC2BCDFB7E001EC38B /* marker-x.usdz */,
			);
			name = Resources;
			path = "TicTacSpatial-iOS/Resources";
			sourceTree = SOURCE_ROOT;
		};
/* End PBXGroup section */

/* Begin PBXHeadersBuildPhase section */
		F555D5C92BD4488600B92AA4 /* Headers */ = {
			isa = PBXHeadersBuildPhase;
			buildActionMask = 2147483647;
			files = (
				F555D6052BDAD4A500B92AA4 /* TicTacToeController.h in Headers */,
			);
			runOnlyForDeploymentPostprocessing = 0;
		};
		F5FDC9872BCDE366001EC38B /* Headers */ = {
			isa = PBXHeadersBuildPhase;
			buildActionMask = 2147483647;
			files = (
				F5FDC99E2BCDE366001EC38B /* TicTacToeEngine.h in Headers */,
				F555D5F02BD448E700B92AA4 /* TicTacToeController.h in Headers */,
			);
			runOnlyForDeploymentPostprocessing = 0;
		};
/* End PBXHeadersBuildPhase section */

/* Begin PBXNativeTarget section */
		F5036B282BBC7AF400847D6A /* TicTacSpactial-visionOS */ = {
			isa = PBXNativeTarget;
			buildConfigurationList = F5036B462BBC7AF600847D6A /* Build configuration list for PBXNativeTarget "TicTacSpactial-visionOS" */;
			buildPhases = (
				F5036B252BBC7AF400847D6A /* Sources */,
				F5036B262BBC7AF400847D6A /* Frameworks */,
				F5036B272BBC7AF400847D6A /* Resources */,
				F5529AF62BCCF03400DE8DF9 /* ShellScript */,
				F5FDC9B42BCDE5CD001EC38B /* Embed Frameworks */,
			);
			buildRules = (
			);
			dependencies = (
				F5FDC9B32BCDE5CD001EC38B /* PBXTargetDependency */,
				F555D5FB2BD4496500B92AA4 /* PBXTargetDependency */,
			);
			name = "TicTacSpactial-visionOS";
			packageProductDependencies = (
			);
			productName = tictacspatial;
			productReference = F5036B292BBC7AF400847D6A /* TicTacSpatial.app */;
			productType = "com.apple.product-type.application";
		};
		F5036B3D2BBC7AF600847D6A /* TicTacSpactial-visionOS-Tests */ = {
			isa = PBXNativeTarget;
			buildConfigurationList = F5036B492BBC7AF600847D6A /* Build configuration list for PBXNativeTarget "TicTacSpactial-visionOS-Tests" */;
			buildPhases = (
				F5036B3A2BBC7AF600847D6A /* Sources */,
				F5036B3B2BBC7AF600847D6A /* Frameworks */,
				F5036B3C2BBC7AF600847D6A /* Resources */,
			);
			buildRules = (
			);
			dependencies = (
				F5036B402BBC7AF600847D6A /* PBXTargetDependency */,
			);
			name = "TicTacSpactial-visionOS-Tests";
			productName = tictacspatialTests;
			productReference = F5036B3E2BBC7AF600847D6A /* TicTacSpactial-visionOS-Tests.xctest */;
			productType = "com.apple.product-type.bundle.unit-test";
		};
		F555D5CD2BD4488600B92AA4 /* TicTacToeController */ = {
			isa = PBXNativeTarget;
			buildConfigurationList = F555D5E52BD4488600B92AA4 /* Build configuration list for PBXNativeTarget "TicTacToeController" */;
			buildPhases = (
				F555D5C92BD4488600B92AA4 /* Headers */,
				F555D5CA2BD4488600B92AA4 /* Sources */,
				F555D5CB2BD4488600B92AA4 /* Frameworks */,
				F555D5CC2BD4488600B92AA4 /* Resources */,
				F555D5F62BD4491200B92AA4 /* Embed Frameworks */,
			);
			buildRules = (
			);
			dependencies = (
				F555D5F52BD4491200B92AA4 /* PBXTargetDependency */,
			);
			name = TicTacToeController;
			productName = TicTacToeController;
			productReference = F555D5CE2BD4488600B92AA4 /* TicTacToeController.framework */;
			productType = "com.apple.product-type.framework";
		};
		F555D5D62BD4488600B92AA4 /* TicTacToeControllerTests */ = {
			isa = PBXNativeTarget;
			buildConfigurationList = F555D5E82BD4488600B92AA4 /* Build configuration list for PBXNativeTarget "TicTacToeControllerTests" */;
			buildPhases = (
				F555D5D32BD4488600B92AA4 /* Sources */,
				F555D5D42BD4488600B92AA4 /* Frameworks */,
				F555D5D52BD4488600B92AA4 /* Resources */,
			);
			buildRules = (
			);
			dependencies = (
				F555D5DA2BD4488600B92AA4 /* PBXTargetDependency */,
				F555D5DC2BD4488600B92AA4 /* PBXTargetDependency */,
			);
			name = TicTacToeControllerTests;
			productName = TicTacToeControllerTests;
			productReference = F555D5D72BD4488600B92AA4 /* TicTacToeControllerTests.xctest */;
			productType = "com.apple.product-type.bundle.unit-test";
		};
		F5FDC9512BCDD8CE001EC38B /* TicTacSpatial-iOS */ = {
			isa = PBXNativeTarget;
			buildConfigurationList = F5FDC9742BCDD8D0001EC38B /* Build configuration list for PBXNativeTarget "TicTacSpatial-iOS" */;
			buildPhases = (
				F5FDC94E2BCDD8CE001EC38B /* Sources */,
				F5FDC94F2BCDD8CE001EC38B /* Frameworks */,
				F5FDC9502BCDD8CE001EC38B /* Resources */,
				F555D5C82BD2DAE900B92AA4 /* ShellScript */,
				F597764A2BCF08240090DF5F /* Embed Frameworks */,
			);
			buildRules = (
			);
			dependencies = (
				F59776492BCF08240090DF5F /* PBXTargetDependency */,
				F555D5E22BD4488600B92AA4 /* PBXTargetDependency */,
			);
			name = "TicTacSpatial-iOS";
			productName = TicTacSpatialX;
			productReference = F5FDC9522BCDD8CE001EC38B /* TicTacSpatial.app */;
			productType = "com.apple.product-type.application";
		};
		F5FDC9612BCDD8D0001EC38B /* TicTacSpatial-iOS-Tests */ = {
			isa = PBXNativeTarget;
			buildConfigurationList = F5FDC9772BCDD8D0001EC38B /* Build configuration list for PBXNativeTarget "TicTacSpatial-iOS-Tests" */;
			buildPhases = (
				F5FDC95E2BCDD8D0001EC38B /* Sources */,
				F5FDC95F2BCDD8D0001EC38B /* Frameworks */,
				F5FDC9602BCDD8D0001EC38B /* Resources */,
			);
			buildRules = (
			);
			dependencies = (
				F5FDC9642BCDD8D0001EC38B /* PBXTargetDependency */,
			);
			name = "TicTacSpatial-iOS-Tests";
			productName = TicTacSpatialXTests;
			productReference = F5FDC9622BCDD8D0001EC38B /* TicTacSpatial-iOS-Tests.xctest */;
			productType = "com.apple.product-type.bundle.unit-test";
		};
		F5FDC98B2BCDE366001EC38B /* TicTacToeEngine */ = {
			isa = PBXNativeTarget;
			buildConfigurationList = F5FDC9A32BCDE366001EC38B /* Build configuration list for PBXNativeTarget "TicTacToeEngine" */;
			buildPhases = (
				F5FDC9872BCDE366001EC38B /* Headers */,
				F5FDC9882BCDE366001EC38B /* Sources */,
				F5FDC9892BCDE366001EC38B /* Frameworks */,
				F5FDC98A2BCDE366001EC38B /* Resources */,
			);
			buildRules = (
			);
			dependencies = (
			);
			name = TicTacToeEngine;
			productName = GameCore;
			productReference = F5FDC98C2BCDE366001EC38B /* TicTacToeEngine.framework */;
			productType = "com.apple.product-type.framework";
		};
		F5FDC9942BCDE366001EC38B /* TicTacToeEngineTests */ = {
			isa = PBXNativeTarget;
			buildConfigurationList = F5FDC9A72BCDE366001EC38B /* Build configuration list for PBXNativeTarget "TicTacToeEngineTests" */;
			buildPhases = (
				F5FDC9912BCDE366001EC38B /* Sources */,
				F5FDC9922BCDE366001EC38B /* Frameworks */,
				F5FDC9932BCDE366001EC38B /* Resources */,
			);
			buildRules = (
			);
			dependencies = (
				F5FDC9982BCDE366001EC38B /* PBXTargetDependency */,
				F5FDC99A2BCDE366001EC38B /* PBXTargetDependency */,
			);
			name = TicTacToeEngineTests;
			productName = GameCoreTests;
			productReference = F5FDC9952BCDE366001EC38B /* TicTacToeEngineTests.xctest */;
			productType = "com.apple.product-type.bundle.unit-test";
		};
/* End PBXNativeTarget section */

/* Begin PBXProject section */
		F5036B212BBC7AF400847D6A /* Project object */ = {
			isa = PBXProject;
			attributes = {
				BuildIndependentTargetsInParallel = 1;
				LastSwiftUpdateCheck = 1530;
				LastUpgradeCheck = 1600;
				TargetAttributes = {
					F5036B282BBC7AF400847D6A = {
						CreatedOnToolsVersion = 15.3;
					};
					F5036B3D2BBC7AF600847D6A = {
						CreatedOnToolsVersion = 15.3;
						TestTargetID = F5036B282BBC7AF400847D6A;
					};
					F555D5CD2BD4488600B92AA4 = {
						CreatedOnToolsVersion = 15.3;
					};
					F555D5D62BD4488600B92AA4 = {
						CreatedOnToolsVersion = 15.3;
						TestTargetID = F5FDC9512BCDD8CE001EC38B;
					};
					F5FDC9512BCDD8CE001EC38B = {
						CreatedOnToolsVersion = 15.3;
					};
					F5FDC9612BCDD8D0001EC38B = {
						CreatedOnToolsVersion = 15.3;
						TestTargetID = F5FDC9512BCDD8CE001EC38B;
					};
					F5FDC98B2BCDE366001EC38B = {
						CreatedOnToolsVersion = 15.3;
					};
					F5FDC9942BCDE366001EC38B = {
						CreatedOnToolsVersion = 15.3;
					};
				};
			};
			buildConfigurationList = F5036B242BBC7AF400847D6A /* Build configuration list for PBXProject "tictacspatial" */;
			compatibilityVersion = "Xcode 14.0";
			developmentRegion = en;
			hasScannedForEncodings = 0;
			knownRegions = (
				en,
				Base,
			);
			mainGroup = F5036B202BBC7AF400847D6A;
			packageReferences = (
			);
			productRefGroup = F5036B2A2BBC7AF400847D6A /* Products */;
			projectDirPath = "";
			projectRoot = "";
			targets = (
				F5036B282BBC7AF400847D6A /* TicTacSpactial-visionOS */,
				F5036B3D2BBC7AF600847D6A /* TicTacSpactial-visionOS-Tests */,
				F5FDC9512BCDD8CE001EC38B /* TicTacSpatial-iOS */,
				F5FDC9612BCDD8D0001EC38B /* TicTacSpatial-iOS-Tests */,
				F555D5CD2BD4488600B92AA4 /* TicTacToeController */,
				F555D5D62BD4488600B92AA4 /* TicTacToeControllerTests */,
				F5FDC98B2BCDE366001EC38B /* TicTacToeEngine */,
				F5FDC9942BCDE366001EC38B /* TicTacToeEngineTests */,
			);
		};
/* End PBXProject section */

/* Begin PBXResourcesBuildPhase section */
		F5036B272BBC7AF400847D6A /* Resources */ = {
			isa = PBXResourcesBuildPhase;
			buildActionMask = 2147483647;
			files = (
				F5036B512BBCC10900847D6A /* ttt.rkassets in Resources */,
				F5036B382BBC7AF600847D6A /* Preview Assets.xcassets in Resources */,
				F51E959C2BC3289D00FC33D3 /* readme.md in Resources */,
				F5036B352BBC7AF600847D6A /* Assets.xcassets in Resources */,
			);
			runOnlyForDeploymentPostprocessing = 0;
		};
		F5036B3C2BBC7AF600847D6A /* Resources */ = {
			isa = PBXResourcesBuildPhase;
			buildActionMask = 2147483647;
			files = (
			);
			runOnlyForDeploymentPostprocessing = 0;
		};
		F555D5CC2BD4488600B92AA4 /* Resources */ = {
			isa = PBXResourcesBuildPhase;
			buildActionMask = 2147483647;
			files = (
			);
			runOnlyForDeploymentPostprocessing = 0;
		};
		F555D5D52BD4488600B92AA4 /* Resources */ = {
			isa = PBXResourcesBuildPhase;
			buildActionMask = 2147483647;
			files = (
			);
			runOnlyForDeploymentPostprocessing = 0;
		};
		F5FDC9502BCDD8CE001EC38B /* Resources */ = {
			isa = PBXResourcesBuildPhase;
			buildActionMask = 2147483647;
			files = (
				F5FDC9C12BCDFB7E001EC38B /* marker-x.usdz in Resources */,
				F5FDC9BE2BCDFB7E001EC38B /* Block2.usdz in Resources */,
				F512E8142BEE57F000955FD2 /* Scene.usda in Resources */,
				F512E8152BEE57F000955FD2 /* Scene3D.usda in Resources */,
				F5FDC9C02BCDFB7E001EC38B /* marker-o.usdz in Resources */,
				F5FDC95D2BCDD8CF001EC38B /* Preview Assets.xcassets in Resources */,
				F5FDC9592BCDD8CF001EC38B /* Assets.xcassets in Resources */,
				F5280DA62C23F372008F6BDE /* cloudy-sky.skybox in Resources */,
				F5FDC9C52BCEA878001EC38B /* Pole.usdz in Resources */,
				F5FDC9BF2BCDFB7E001EC38B /* Line.usdz in Resources */,
			);
			runOnlyForDeploymentPostprocessing = 0;
		};
		F5FDC9602BCDD8D0001EC38B /* Resources */ = {
			isa = PBXResourcesBuildPhase;
			buildActionMask = 2147483647;
			files = (
			);
			runOnlyForDeploymentPostprocessing = 0;
		};
		F5FDC98A2BCDE366001EC38B /* Resources */ = {
			isa = PBXResourcesBuildPhase;
			buildActionMask = 2147483647;
			files = (
			);
			runOnlyForDeploymentPostprocessing = 0;
		};
		F5FDC9932BCDE366001EC38B /* Resources */ = {
			isa = PBXResourcesBuildPhase;
			buildActionMask = 2147483647;
			files = (
			);
			runOnlyForDeploymentPostprocessing = 0;
		};
/* End PBXResourcesBuildPhase section */

/* Begin PBXShellScriptBuildPhase section */
		F5529AF62BCCF03400DE8DF9 /* ShellScript */ = {
			isa = PBXShellScriptBuildPhase;
			alwaysOutOfDate = 1;
			buildActionMask = 2147483647;
			files = (
			);
			inputFileListPaths = (
			);
			inputPaths = (
			);
			outputFileListPaths = (
			);
			outputPaths = (
			);
			runOnlyForDeploymentPostprocessing = 0;
			shellPath = /bin/sh;
			shellScript = "PATH=\"/opt/homebrew/bin:$PATH\"\nif which swiftlint > /dev/null; then\n    swiftlint\nelse\n    echo \"warning: swiftlint not installed\"\nfi\n";
		};
		F555D5C82BD2DAE900B92AA4 /* ShellScript */ = {
			isa = PBXShellScriptBuildPhase;
			alwaysOutOfDate = 1;
			buildActionMask = 2147483647;
			files = (
			);
			inputFileListPaths = (
			);
			inputPaths = (
			);
			outputFileListPaths = (
			);
			outputPaths = (
			);
			runOnlyForDeploymentPostprocessing = 0;
			shellPath = /bin/sh;
			shellScript = "PATH=\"/opt/homebrew/bin:$PATH\"\nif which swiftlint > /dev/null; then\n    swiftlint\nelse\n    echo \"warning: swiftlint not installed\"\nfi\n";
		};
/* End PBXShellScriptBuildPhase section */

/* Begin PBXSourcesBuildPhase section */
		F5036B252BBC7AF400847D6A /* Sources */ = {
			isa = PBXSourcesBuildPhase;
			buildActionMask = 2147483647;
			files = (
				F5036B332BBC7AF400847D6A /* TicTacSpatialRealityKitView.swift in Sources */,
				F51E95CA2BC35EDC00FC33D3 /* Dashboard.swift in Sources */,
				F5036B312BBC7AF400847D6A /* TicTacSpatialApp.swift in Sources */,
			);
			runOnlyForDeploymentPostprocessing = 0;
		};
		F5036B3A2BBC7AF600847D6A /* Sources */ = {
			isa = PBXSourcesBuildPhase;
			buildActionMask = 2147483647;
			files = (
				F5036B432BBC7AF600847D6A /* TicTacSpatialTests.swift in Sources */,
			);
			runOnlyForDeploymentPostprocessing = 0;
		};
		F555D5CA2BD4488600B92AA4 /* Sources */ = {
			isa = PBXSourcesBuildPhase;
			buildActionMask = 2147483647;
			files = (
				F50FB20C2C0A09E2007CDA1F /* Quanterion.swift in Sources */,
				F512E81D2BF3AE7A00955FD2 /* Utilities.swift in Sources */,
				F555D5F72BD4494000B92AA4 /* TicTacSpatialActivity.swift in Sources */,
				F555D6012BD4CC6A00B92AA4 /* DashboardUIComponents.swift in Sources */,
				F58960F42C0AC26A003B4940 /* GameboardController2.swift in Sources */,
				F58960F72C0AC36C003B4940 /* RealityKit+Helpers.swift in Sources */,
			);
			runOnlyForDeploymentPostprocessing = 0;
		};
		F555D5D32BD4488600B92AA4 /* Sources */ = {
			isa = PBXSourcesBuildPhase;
			buildActionMask = 2147483647;
			files = (
				F555D5DF2BD4488600B92AA4 /* TicTacToeControllerTests.swift in Sources */,
			);
			runOnlyForDeploymentPostprocessing = 0;
		};
		F5FDC94E2BCDD8CE001EC38B /* Sources */ = {
			isa = PBXSourcesBuildPhase;
			buildActionMask = 2147483647;
			files = (
				F5D0C54C2C235E3E0037DD32 /* SCNVector3+Convience.swift in Sources */,
				F5FDC9552BCDD8CE001EC38B /* TicTacSpatialApp.swift in Sources */,
				F5CC50BE2BCFF14400EC88FB /* Dashboard.swift in Sources */,
				F512E80E2BEDDF3000955FD2 /* TicTacSpatialRealityKitView.swift in Sources */,
			);
			runOnlyForDeploymentPostprocessing = 0;
		};
		F5FDC95E2BCDD8D0001EC38B /* Sources */ = {
			isa = PBXSourcesBuildPhase;
			buildActionMask = 2147483647;
			files = (
				F5FDC9672BCDD8D0001EC38B /* TicTacSpatialXTests.swift in Sources */,
			);
			runOnlyForDeploymentPostprocessing = 0;
		};
		F5FDC9882BCDE366001EC38B /* Sources */ = {
			isa = PBXSourcesBuildPhase;
			buildActionMask = 2147483647;
			files = (
				F58960F52C0AC2A3003B4940 /* Logger+Convenience.swift in Sources */,
				F50FB20E2C0A0E1D007CDA1F /* String+Convenience.swift in Sources */,
				F5FDC9902BCDE366001EC38B /* GameCore.docc in Sources */,
				F555D6072BE131DD00B92AA4 /* WinningLine.swift in Sources */,
				F555D5EF2BD448E700B92AA4 /* TicTacToeController.docc in Sources */,
				F5FDC9AA2BCDE387001EC38B /* GameSession.swift in Sources */,
				F5FDC9AD2BCDE38C001EC38B /* Collection+Convenience.swift in Sources */,
				F5FDC9AE2BCDE38C001EC38B /* Queue.swift in Sources */,
				F555D6092BE1322A00B92AA4 /* GameboardLocation.swift in Sources */,
				F555D60B2BE1351500B92AA4 /* Gameboard.swift in Sources */,
				F5FDC9AB2BCDE387001EC38B /* GameEngine.swift in Sources */,
				F5FDC9AC2BCDE387001EC38B /* GameEvents.swift in Sources */,
				F555D5C72BD2B17F00B92AA4 /* GameBot.swift in Sources */,
			);
			runOnlyForDeploymentPostprocessing = 0;
		};
		F5FDC9912BCDE366001EC38B /* Sources */ = {
			isa = PBXSourcesBuildPhase;
			buildActionMask = 2147483647;
			files = (
				F5FDC99D2BCDE366001EC38B /* TicTacToeEngineTests.swift in Sources */,
			);
			runOnlyForDeploymentPostprocessing = 0;
		};
/* End PBXSourcesBuildPhase section */

/* Begin PBXTargetDependency section */
		F5036B402BBC7AF600847D6A /* PBXTargetDependency */ = {
			isa = PBXTargetDependency;
			target = F5036B282BBC7AF400847D6A /* TicTacSpactial-visionOS */;
			targetProxy = F5036B3F2BBC7AF600847D6A /* PBXContainerItemProxy */;
		};
		F555D5DA2BD4488600B92AA4 /* PBXTargetDependency */ = {
			isa = PBXTargetDependency;
			target = F555D5CD2BD4488600B92AA4 /* TicTacToeController */;
			targetProxy = F555D5D92BD4488600B92AA4 /* PBXContainerItemProxy */;
		};
		F555D5DC2BD4488600B92AA4 /* PBXTargetDependency */ = {
			isa = PBXTargetDependency;
			target = F5FDC9512BCDD8CE001EC38B /* TicTacSpatial-iOS */;
			targetProxy = F555D5DB2BD4488600B92AA4 /* PBXContainerItemProxy */;
		};
		F555D5E22BD4488600B92AA4 /* PBXTargetDependency */ = {
			isa = PBXTargetDependency;
			target = F555D5CD2BD4488600B92AA4 /* TicTacToeController */;
			targetProxy = F555D5E12BD4488600B92AA4 /* PBXContainerItemProxy */;
		};
		F555D5F52BD4491200B92AA4 /* PBXTargetDependency */ = {
			isa = PBXTargetDependency;
			target = F5FDC98B2BCDE366001EC38B /* TicTacToeEngine */;
			targetProxy = F555D5F42BD4491200B92AA4 /* PBXContainerItemProxy */;
		};
		F555D5FB2BD4496500B92AA4 /* PBXTargetDependency */ = {
			isa = PBXTargetDependency;
			target = F555D5CD2BD4488600B92AA4 /* TicTacToeController */;
			targetProxy = F555D5FA2BD4496500B92AA4 /* PBXContainerItemProxy */;
		};
		F59776492BCF08240090DF5F /* PBXTargetDependency */ = {
			isa = PBXTargetDependency;
			target = F5FDC98B2BCDE366001EC38B /* TicTacToeEngine */;
			targetProxy = F59776482BCF08240090DF5F /* PBXContainerItemProxy */;
		};
		F5FDC9642BCDD8D0001EC38B /* PBXTargetDependency */ = {
			isa = PBXTargetDependency;
			target = F5FDC9512BCDD8CE001EC38B /* TicTacSpatial-iOS */;
			targetProxy = F5FDC9632BCDD8D0001EC38B /* PBXContainerItemProxy */;
		};
		F5FDC9982BCDE366001EC38B /* PBXTargetDependency */ = {
			isa = PBXTargetDependency;
			target = F5FDC98B2BCDE366001EC38B /* TicTacToeEngine */;
			targetProxy = F5FDC9972BCDE366001EC38B /* PBXContainerItemProxy */;
		};
		F5FDC99A2BCDE366001EC38B /* PBXTargetDependency */ = {
			isa = PBXTargetDependency;
			target = F5036B282BBC7AF400847D6A /* TicTacSpactial-visionOS */;
			targetProxy = F5FDC9992BCDE366001EC38B /* PBXContainerItemProxy */;
		};
		F5FDC9B32BCDE5CD001EC38B /* PBXTargetDependency */ = {
			isa = PBXTargetDependency;
			target = F5FDC98B2BCDE366001EC38B /* TicTacToeEngine */;
			targetProxy = F5FDC9B22BCDE5CD001EC38B /* PBXContainerItemProxy */;
		};
/* End PBXTargetDependency section */

/* Begin XCBuildConfiguration section */
		F5036B442BBC7AF600847D6A /* Debug */ = {
			isa = XCBuildConfiguration;
			buildSettings = {
				ALWAYS_SEARCH_USER_PATHS = NO;
				ASSETCATALOG_COMPILER_GENERATE_SWIFT_ASSET_SYMBOL_EXTENSIONS = YES;
				CLANG_ANALYZER_NONNULL = YES;
				CLANG_ANALYZER_NUMBER_OBJECT_CONVERSION = YES_AGGRESSIVE;
				CLANG_CXX_LANGUAGE_STANDARD = "gnu++20";
				CLANG_ENABLE_MODULES = YES;
				CLANG_ENABLE_OBJC_ARC = YES;
				CLANG_ENABLE_OBJC_WEAK = YES;
				CLANG_WARN_BLOCK_CAPTURE_AUTORELEASING = YES;
				CLANG_WARN_BOOL_CONVERSION = YES;
				CLANG_WARN_COMMA = YES;
				CLANG_WARN_CONSTANT_CONVERSION = YES;
				CLANG_WARN_DEPRECATED_OBJC_IMPLEMENTATIONS = YES;
				CLANG_WARN_DIRECT_OBJC_ISA_USAGE = YES_ERROR;
				CLANG_WARN_DOCUMENTATION_COMMENTS = YES;
				CLANG_WARN_EMPTY_BODY = YES;
				CLANG_WARN_ENUM_CONVERSION = YES;
				CLANG_WARN_INFINITE_RECURSION = YES;
				CLANG_WARN_INT_CONVERSION = YES;
				CLANG_WARN_NON_LITERAL_NULL_CONVERSION = YES;
				CLANG_WARN_OBJC_IMPLICIT_RETAIN_SELF = YES;
				CLANG_WARN_OBJC_LITERAL_CONVERSION = YES;
				CLANG_WARN_OBJC_ROOT_CLASS = YES_ERROR;
				CLANG_WARN_QUOTED_INCLUDE_IN_FRAMEWORK_HEADER = YES;
				CLANG_WARN_RANGE_LOOP_ANALYSIS = YES;
				CLANG_WARN_STRICT_PROTOTYPES = YES;
				CLANG_WARN_SUSPICIOUS_MOVE = YES;
				CLANG_WARN_UNGUARDED_AVAILABILITY = YES_AGGRESSIVE;
				CLANG_WARN_UNREACHABLE_CODE = YES;
				CLANG_WARN__DUPLICATE_METHOD_MATCH = YES;
				COPY_PHASE_STRIP = NO;
				DEBUG_INFORMATION_FORMAT = dwarf;
				ENABLE_STRICT_OBJC_MSGSEND = YES;
				ENABLE_TESTABILITY = YES;
				ENABLE_USER_SCRIPT_SANDBOXING = NO;
				GCC_C_LANGUAGE_STANDARD = gnu17;
				GCC_DYNAMIC_NO_PIC = NO;
				GCC_NO_COMMON_BLOCKS = YES;
				GCC_OPTIMIZATION_LEVEL = 0;
				GCC_PREPROCESSOR_DEFINITIONS = (
					"DEBUG=1",
					"$(inherited)",
				);
				GCC_WARN_64_TO_32_BIT_CONVERSION = YES;
				GCC_WARN_ABOUT_RETURN_TYPE = YES_ERROR;
				GCC_WARN_UNDECLARED_SELECTOR = YES;
				GCC_WARN_UNINITIALIZED_AUTOS = YES_AGGRESSIVE;
				GCC_WARN_UNUSED_FUNCTION = YES;
				GCC_WARN_UNUSED_VARIABLE = YES;
				LOCALIZATION_PREFERS_STRING_CATALOGS = YES;
				MTL_ENABLE_DEBUG_INFO = INCLUDE_SOURCE;
				MTL_FAST_MATH = YES;
				ONLY_ACTIVE_ARCH = YES;
				SDKROOT = xros;
				SWIFT_ACTIVE_COMPILATION_CONDITIONS = "DEBUG $(inherited)";
				SWIFT_OPTIMIZATION_LEVEL = "-Onone";
				SWIFT_VERSION = 6.0;
				XROS_DEPLOYMENT_TARGET = 2.0;
			};
			name = Debug;
		};
		F5036B452BBC7AF600847D6A /* Release */ = {
			isa = XCBuildConfiguration;
			buildSettings = {
				ALWAYS_SEARCH_USER_PATHS = NO;
				ASSETCATALOG_COMPILER_GENERATE_SWIFT_ASSET_SYMBOL_EXTENSIONS = YES;
				CLANG_ANALYZER_NONNULL = YES;
				CLANG_ANALYZER_NUMBER_OBJECT_CONVERSION = YES_AGGRESSIVE;
				CLANG_CXX_LANGUAGE_STANDARD = "gnu++20";
				CLANG_ENABLE_MODULES = YES;
				CLANG_ENABLE_OBJC_ARC = YES;
				CLANG_ENABLE_OBJC_WEAK = YES;
				CLANG_WARN_BLOCK_CAPTURE_AUTORELEASING = YES;
				CLANG_WARN_BOOL_CONVERSION = YES;
				CLANG_WARN_COMMA = YES;
				CLANG_WARN_CONSTANT_CONVERSION = YES;
				CLANG_WARN_DEPRECATED_OBJC_IMPLEMENTATIONS = YES;
				CLANG_WARN_DIRECT_OBJC_ISA_USAGE = YES_ERROR;
				CLANG_WARN_DOCUMENTATION_COMMENTS = YES;
				CLANG_WARN_EMPTY_BODY = YES;
				CLANG_WARN_ENUM_CONVERSION = YES;
				CLANG_WARN_INFINITE_RECURSION = YES;
				CLANG_WARN_INT_CONVERSION = YES;
				CLANG_WARN_NON_LITERAL_NULL_CONVERSION = YES;
				CLANG_WARN_OBJC_IMPLICIT_RETAIN_SELF = YES;
				CLANG_WARN_OBJC_LITERAL_CONVERSION = YES;
				CLANG_WARN_OBJC_ROOT_CLASS = YES_ERROR;
				CLANG_WARN_QUOTED_INCLUDE_IN_FRAMEWORK_HEADER = YES;
				CLANG_WARN_RANGE_LOOP_ANALYSIS = YES;
				CLANG_WARN_STRICT_PROTOTYPES = YES;
				CLANG_WARN_SUSPICIOUS_MOVE = YES;
				CLANG_WARN_UNGUARDED_AVAILABILITY = YES_AGGRESSIVE;
				CLANG_WARN_UNREACHABLE_CODE = YES;
				CLANG_WARN__DUPLICATE_METHOD_MATCH = YES;
				COPY_PHASE_STRIP = NO;
				DEBUG_INFORMATION_FORMAT = "dwarf-with-dsym";
				ENABLE_NS_ASSERTIONS = NO;
				ENABLE_STRICT_OBJC_MSGSEND = YES;
				ENABLE_USER_SCRIPT_SANDBOXING = NO;
				GCC_C_LANGUAGE_STANDARD = gnu17;
				GCC_NO_COMMON_BLOCKS = YES;
				GCC_WARN_64_TO_32_BIT_CONVERSION = YES;
				GCC_WARN_ABOUT_RETURN_TYPE = YES_ERROR;
				GCC_WARN_UNDECLARED_SELECTOR = YES;
				GCC_WARN_UNINITIALIZED_AUTOS = YES_AGGRESSIVE;
				GCC_WARN_UNUSED_FUNCTION = YES;
				GCC_WARN_UNUSED_VARIABLE = YES;
				LOCALIZATION_PREFERS_STRING_CATALOGS = YES;
				MTL_ENABLE_DEBUG_INFO = NO;
				MTL_FAST_MATH = YES;
				SDKROOT = xros;
				SWIFT_COMPILATION_MODE = wholemodule;
				SWIFT_VERSION = 6.0;
				VALIDATE_PRODUCT = YES;
				XROS_DEPLOYMENT_TARGET = 2.0;
			};
			name = Release;
		};
		F5036B472BBC7AF600847D6A /* Debug */ = {
			isa = XCBuildConfiguration;
			buildSettings = {
				ASSETCATALOG_COMPILER_APPICON_NAME = AppIcon;
				ASSETCATALOG_COMPILER_GLOBAL_ACCENT_COLOR_NAME = AccentColor;
				CODE_SIGN_ENTITLEMENTS = "TicTacSpatial-visionOS/TicTacSpactial-visionOS.entitlements";
				CODE_SIGN_STYLE = Automatic;
				CURRENT_PROJECT_VERSION = 1;
				DEVELOPMENT_ASSET_PATHS = "\"TicTacSpatial-visionOS/Preview Content\"";
				DEVELOPMENT_TEAM = 66GSQHF5G6;
				ENABLE_PREVIEWS = YES;
				GENERATE_INFOPLIST_FILE = YES;
				INFOPLIST_FILE = "TicTacSpatial-visionOS/Info.plist";
				INFOPLIST_KEY_LSApplicationCategoryType = "public.app-category.board-games";
				LD_RUNPATH_SEARCH_PATHS = (
					"$(inherited)",
					"@executable_path/Frameworks",
				);
				MARKETING_VERSION = 1.0;
				PRODUCT_BUNDLE_IDENTIFIER = com.msanford1540.tictacspatial;
				PRODUCT_NAME = TicTacSpatial;
				SUPPORTED_PLATFORMS = "xros xrsimulator";
				SWIFT_EMIT_LOC_STRINGS = YES;
				SWIFT_VERSION = 6.0;
				TARGETED_DEVICE_FAMILY = "1,2,7";
			};
			name = Debug;
		};
		F5036B482BBC7AF600847D6A /* Release */ = {
			isa = XCBuildConfiguration;
			buildSettings = {
				ASSETCATALOG_COMPILER_APPICON_NAME = AppIcon;
				ASSETCATALOG_COMPILER_GLOBAL_ACCENT_COLOR_NAME = AccentColor;
				CODE_SIGN_ENTITLEMENTS = "TicTacSpatial-visionOS/TicTacSpactial-visionOS.entitlements";
				CODE_SIGN_STYLE = Automatic;
				CURRENT_PROJECT_VERSION = 1;
				DEVELOPMENT_ASSET_PATHS = "\"TicTacSpatial-visionOS/Preview Content\"";
				DEVELOPMENT_TEAM = 66GSQHF5G6;
				ENABLE_PREVIEWS = YES;
				GENERATE_INFOPLIST_FILE = YES;
				INFOPLIST_FILE = "TicTacSpatial-visionOS/Info.plist";
				INFOPLIST_KEY_LSApplicationCategoryType = "public.app-category.board-games";
				LD_RUNPATH_SEARCH_PATHS = (
					"$(inherited)",
					"@executable_path/Frameworks",
				);
				MARKETING_VERSION = 1.0;
				PRODUCT_BUNDLE_IDENTIFIER = com.msanford1540.tictacspatial;
				PRODUCT_NAME = TicTacSpatial;
				SUPPORTED_PLATFORMS = "xros xrsimulator";
				SWIFT_EMIT_LOC_STRINGS = YES;
				SWIFT_VERSION = 6.0;
				TARGETED_DEVICE_FAMILY = "1,2,7";
			};
			name = Release;
		};
		F5036B4A2BBC7AF600847D6A /* Debug */ = {
			isa = XCBuildConfiguration;
			buildSettings = {
				BUNDLE_LOADER = "$(TEST_HOST)";
				CODE_SIGN_STYLE = Automatic;
				CURRENT_PROJECT_VERSION = 1;
				DEVELOPMENT_TEAM = 66GSQHF5G6;
				GENERATE_INFOPLIST_FILE = YES;
				MARKETING_VERSION = 1.0;
				PRODUCT_BUNDLE_IDENTIFIER = com.msanford1540.tictacspatialTests;
				PRODUCT_NAME = "$(TARGET_NAME)";
				SUPPORTED_PLATFORMS = "xros xrsimulator";
				SWIFT_EMIT_LOC_STRINGS = NO;
				SWIFT_VERSION = 5.0;
				TARGETED_DEVICE_FAMILY = "1,2,7";
				TEST_HOST = "$(BUILT_PRODUCTS_DIR)/tictacspatial.app/$(BUNDLE_EXECUTABLE_FOLDER_PATH)/tictacspatial";
				XROS_DEPLOYMENT_TARGET = 1.1;
			};
			name = Debug;
		};
		F5036B4B2BBC7AF600847D6A /* Release */ = {
			isa = XCBuildConfiguration;
			buildSettings = {
				BUNDLE_LOADER = "$(TEST_HOST)";
				CODE_SIGN_STYLE = Automatic;
				CURRENT_PROJECT_VERSION = 1;
				DEVELOPMENT_TEAM = 66GSQHF5G6;
				GENERATE_INFOPLIST_FILE = YES;
				MARKETING_VERSION = 1.0;
				PRODUCT_BUNDLE_IDENTIFIER = com.msanford1540.tictacspatialTests;
				PRODUCT_NAME = "$(TARGET_NAME)";
				SUPPORTED_PLATFORMS = "xros xrsimulator";
				SWIFT_EMIT_LOC_STRINGS = NO;
				SWIFT_VERSION = 5.0;
				TARGETED_DEVICE_FAMILY = "1,2,7";
				TEST_HOST = "$(BUILT_PRODUCTS_DIR)/tictacspatial.app/$(BUNDLE_EXECUTABLE_FOLDER_PATH)/tictacspatial";
				XROS_DEPLOYMENT_TARGET = 1.1;
			};
			name = Release;
		};
		F555D5E62BD4488600B92AA4 /* Debug */ = {
			isa = XCBuildConfiguration;
			buildSettings = {
				ALLOW_TARGET_PLATFORM_SPECIALIZATION = YES;
				BUILD_LIBRARY_FOR_DISTRIBUTION = YES;
				CODE_SIGN_IDENTITY = "";
				CODE_SIGN_STYLE = Automatic;
				CURRENT_PROJECT_VERSION = 1;
				DEAD_CODE_STRIPPING = YES;
				DEFINES_MODULE = YES;
				DEVELOPMENT_TEAM = 66GSQHF5G6;
				DYLIB_COMPATIBILITY_VERSION = 1;
				DYLIB_CURRENT_VERSION = 1;
				DYLIB_INSTALL_NAME_BASE = "@rpath";
				ENABLE_MODULE_VERIFIER = YES;
				ENABLE_USER_SCRIPT_SANDBOXING = YES;
				GENERATE_INFOPLIST_FILE = YES;
				INFOPLIST_KEY_NSHumanReadableCopyright = "";
				INSTALL_PATH = "$(LOCAL_LIBRARY_DIR)/Frameworks";
				IPHONEOS_DEPLOYMENT_TARGET = 18.0;
				LD_RUNPATH_SEARCH_PATHS = (
					"@executable_path/Frameworks",
					"@loader_path/Frameworks",
				);
				"LD_RUNPATH_SEARCH_PATHS[sdk=macosx*]" = (
					"@executable_path/../Frameworks",
					"@loader_path/Frameworks",
				);
				MACOSX_DEPLOYMENT_TARGET = 15.0;
				MARKETING_VERSION = 1.0;
				MODULE_VERIFIER_SUPPORTED_LANGUAGES = "objective-c objective-c++";
				MODULE_VERIFIER_SUPPORTED_LANGUAGE_STANDARDS = "gnu17 gnu++20";
				PRODUCT_BUNDLE_IDENTIFIER = com.msanford1540.TicTacToeController;
				PRODUCT_NAME = "$(TARGET_NAME:c99extidentifier)";
				SDKROOT = auto;
				SKIP_INSTALL = YES;
				SUPPORTED_PLATFORMS = "iphoneos iphonesimulator macosx xros xrsimulator";
				SUPPORTS_MACCATALYST = YES;
				SWIFT_EMIT_LOC_STRINGS = YES;
				SWIFT_INSTALL_OBJC_HEADER = NO;
				SWIFT_VERSION = 6.0;
				TARGETED_DEVICE_FAMILY = "1,2,7";
				VERSIONING_SYSTEM = "apple-generic";
				VERSION_INFO_PREFIX = "";
			};
			name = Debug;
		};
		F555D5E72BD4488600B92AA4 /* Release */ = {
			isa = XCBuildConfiguration;
			buildSettings = {
				ALLOW_TARGET_PLATFORM_SPECIALIZATION = YES;
				BUILD_LIBRARY_FOR_DISTRIBUTION = YES;
				CODE_SIGN_IDENTITY = "";
				CODE_SIGN_STYLE = Automatic;
				CURRENT_PROJECT_VERSION = 1;
				DEAD_CODE_STRIPPING = YES;
				DEFINES_MODULE = YES;
				DEVELOPMENT_TEAM = 66GSQHF5G6;
				DYLIB_COMPATIBILITY_VERSION = 1;
				DYLIB_CURRENT_VERSION = 1;
				DYLIB_INSTALL_NAME_BASE = "@rpath";
				ENABLE_MODULE_VERIFIER = YES;
				ENABLE_USER_SCRIPT_SANDBOXING = YES;
				GENERATE_INFOPLIST_FILE = YES;
				INFOPLIST_KEY_NSHumanReadableCopyright = "";
				INSTALL_PATH = "$(LOCAL_LIBRARY_DIR)/Frameworks";
				IPHONEOS_DEPLOYMENT_TARGET = 18.0;
				LD_RUNPATH_SEARCH_PATHS = (
					"@executable_path/Frameworks",
					"@loader_path/Frameworks",
				);
				"LD_RUNPATH_SEARCH_PATHS[sdk=macosx*]" = (
					"@executable_path/../Frameworks",
					"@loader_path/Frameworks",
				);
				MACOSX_DEPLOYMENT_TARGET = 15.0;
				MARKETING_VERSION = 1.0;
				MODULE_VERIFIER_SUPPORTED_LANGUAGES = "objective-c objective-c++";
				MODULE_VERIFIER_SUPPORTED_LANGUAGE_STANDARDS = "gnu17 gnu++20";
				PRODUCT_BUNDLE_IDENTIFIER = com.msanford1540.TicTacToeController;
				PRODUCT_NAME = "$(TARGET_NAME:c99extidentifier)";
				SDKROOT = auto;
				SKIP_INSTALL = YES;
				SUPPORTED_PLATFORMS = "iphoneos iphonesimulator macosx xros xrsimulator";
				SUPPORTS_MACCATALYST = YES;
				SWIFT_EMIT_LOC_STRINGS = YES;
				SWIFT_INSTALL_OBJC_HEADER = NO;
				SWIFT_VERSION = 6.0;
				TARGETED_DEVICE_FAMILY = "1,2,7";
				VERSIONING_SYSTEM = "apple-generic";
				VERSION_INFO_PREFIX = "";
			};
			name = Release;
		};
		F555D5E92BD4488600B92AA4 /* Debug */ = {
			isa = XCBuildConfiguration;
			buildSettings = {
				ALLOW_TARGET_PLATFORM_SPECIALIZATION = YES;
				CODE_SIGN_STYLE = Automatic;
				CURRENT_PROJECT_VERSION = 1;
				DEAD_CODE_STRIPPING = YES;
				DEVELOPMENT_TEAM = 66GSQHF5G6;
				ENABLE_USER_SCRIPT_SANDBOXING = YES;
				GENERATE_INFOPLIST_FILE = YES;
				IPHONEOS_DEPLOYMENT_TARGET = 17.4;
				MACOSX_DEPLOYMENT_TARGET = 14.4;
				MARKETING_VERSION = 1.0;
				PRODUCT_BUNDLE_IDENTIFIER = com.msanford1540.TicTacToeControllerTests;
				PRODUCT_NAME = "$(TARGET_NAME)";
				SDKROOT = auto;
				SUPPORTED_PLATFORMS = "iphoneos iphonesimulator macosx";
				SWIFT_EMIT_LOC_STRINGS = NO;
				SWIFT_VERSION = 5.0;
				TARGETED_DEVICE_FAMILY = "1,2";
				TEST_HOST = "$(BUILT_PRODUCTS_DIR)/TicTacSpatial.app/$(BUNDLE_EXECUTABLE_FOLDER_PATH)/TicTacSpatial";
			};
			name = Debug;
		};
		F555D5EA2BD4488600B92AA4 /* Release */ = {
			isa = XCBuildConfiguration;
			buildSettings = {
				ALLOW_TARGET_PLATFORM_SPECIALIZATION = YES;
				CODE_SIGN_STYLE = Automatic;
				CURRENT_PROJECT_VERSION = 1;
				DEAD_CODE_STRIPPING = YES;
				DEVELOPMENT_TEAM = 66GSQHF5G6;
				ENABLE_USER_SCRIPT_SANDBOXING = YES;
				GENERATE_INFOPLIST_FILE = YES;
				IPHONEOS_DEPLOYMENT_TARGET = 17.4;
				MACOSX_DEPLOYMENT_TARGET = 14.4;
				MARKETING_VERSION = 1.0;
				PRODUCT_BUNDLE_IDENTIFIER = com.msanford1540.TicTacToeControllerTests;
				PRODUCT_NAME = "$(TARGET_NAME)";
				SDKROOT = auto;
				SUPPORTED_PLATFORMS = "iphoneos iphonesimulator macosx";
				SWIFT_EMIT_LOC_STRINGS = NO;
				SWIFT_VERSION = 5.0;
				TARGETED_DEVICE_FAMILY = "1,2";
				TEST_HOST = "$(BUILT_PRODUCTS_DIR)/TicTacSpatial.app/$(BUNDLE_EXECUTABLE_FOLDER_PATH)/TicTacSpatial";
			};
			name = Release;
		};
		F5FDC9752BCDD8D0001EC38B /* Debug */ = {
			isa = XCBuildConfiguration;
			buildSettings = {
				ASSETCATALOG_COMPILER_APPICON_NAME = AppIcon;
				ASSETCATALOG_COMPILER_GLOBAL_ACCENT_COLOR_NAME = AccentColor;
				CODE_SIGN_ENTITLEMENTS = "TicTacSpatial-iOS/TicTacSpatial.entitlements";
				CODE_SIGN_STYLE = Automatic;
				CURRENT_PROJECT_VERSION = 1;
				DEAD_CODE_STRIPPING = YES;
				DEVELOPMENT_ASSET_PATHS = "\"TicTacSpatial-iOS/Preview Content\"";
				DEVELOPMENT_TEAM = 66GSQHF5G6;
				ENABLE_HARDENED_RUNTIME = YES;
				"ENABLE_HARDENED_RUNTIME[sdk=macosx*]" = YES;
				ENABLE_PREVIEWS = YES;
				GENERATE_INFOPLIST_FILE = YES;
				INFOPLIST_FILE = "TicTacSpatial-iOS/Info.plist";
				INFOPLIST_KEY_LSApplicationCategoryType = "public.app-category.board-games";
				"INFOPLIST_KEY_UIApplicationSceneManifest_Generation[sdk=iphoneos*]" = YES;
				"INFOPLIST_KEY_UIApplicationSceneManifest_Generation[sdk=iphonesimulator*]" = YES;
				"INFOPLIST_KEY_UIApplicationSupportsIndirectInputEvents[sdk=iphoneos*]" = YES;
				"INFOPLIST_KEY_UIApplicationSupportsIndirectInputEvents[sdk=iphonesimulator*]" = YES;
				"INFOPLIST_KEY_UILaunchScreen_Generation[sdk=iphoneos*]" = YES;
				"INFOPLIST_KEY_UILaunchScreen_Generation[sdk=iphonesimulator*]" = YES;
				"INFOPLIST_KEY_UIStatusBarStyle[sdk=iphoneos*]" = UIStatusBarStyleDefault;
				"INFOPLIST_KEY_UIStatusBarStyle[sdk=iphonesimulator*]" = UIStatusBarStyleDefault;
				INFOPLIST_KEY_UISupportedInterfaceOrientations_iPad = "UIInterfaceOrientationPortrait UIInterfaceOrientationPortraitUpsideDown UIInterfaceOrientationLandscapeLeft UIInterfaceOrientationLandscapeRight";
				INFOPLIST_KEY_UISupportedInterfaceOrientations_iPhone = "UIInterfaceOrientationPortrait UIInterfaceOrientationLandscapeLeft UIInterfaceOrientationLandscapeRight";
				IPHONEOS_DEPLOYMENT_TARGET = 18.0;
				LD_RUNPATH_SEARCH_PATHS = "@executable_path/Frameworks";
				"LD_RUNPATH_SEARCH_PATHS[sdk=macosx*]" = "@executable_path/../Frameworks";
				MACOSX_DEPLOYMENT_TARGET = 15.0;
				MARKETING_VERSION = 1.0;
				PRODUCT_BUNDLE_IDENTIFIER = com.msanford1540.tictacspatial;
				PRODUCT_NAME = TicTacSpatial;
				SDKROOT = auto;
				SUPPORTED_PLATFORMS = "iphoneos iphonesimulator";
				SUPPORTS_MACCATALYST = YES;
				SWIFT_EMIT_LOC_STRINGS = YES;
				SWIFT_VERSION = 6.0;
				TARGETED_DEVICE_FAMILY = "1,2";
			};
			name = Debug;
		};
		F5FDC9762BCDD8D0001EC38B /* Release */ = {
			isa = XCBuildConfiguration;
			buildSettings = {
				ASSETCATALOG_COMPILER_APPICON_NAME = AppIcon;
				ASSETCATALOG_COMPILER_GLOBAL_ACCENT_COLOR_NAME = AccentColor;
				CODE_SIGN_ENTITLEMENTS = "TicTacSpatial-iOS/TicTacSpatial.entitlements";
				CODE_SIGN_STYLE = Automatic;
				CURRENT_PROJECT_VERSION = 1;
				DEAD_CODE_STRIPPING = YES;
				DEVELOPMENT_ASSET_PATHS = "\"TicTacSpatial-iOS/Preview Content\"";
				DEVELOPMENT_TEAM = 66GSQHF5G6;
				ENABLE_HARDENED_RUNTIME = YES;
				"ENABLE_HARDENED_RUNTIME[sdk=macosx*]" = YES;
				ENABLE_PREVIEWS = YES;
				GENERATE_INFOPLIST_FILE = YES;
				INFOPLIST_FILE = "TicTacSpatial-iOS/Info.plist";
				INFOPLIST_KEY_LSApplicationCategoryType = "public.app-category.board-games";
				"INFOPLIST_KEY_UIApplicationSceneManifest_Generation[sdk=iphoneos*]" = YES;
				"INFOPLIST_KEY_UIApplicationSceneManifest_Generation[sdk=iphonesimulator*]" = YES;
				"INFOPLIST_KEY_UIApplicationSupportsIndirectInputEvents[sdk=iphoneos*]" = YES;
				"INFOPLIST_KEY_UIApplicationSupportsIndirectInputEvents[sdk=iphonesimulator*]" = YES;
				"INFOPLIST_KEY_UILaunchScreen_Generation[sdk=iphoneos*]" = YES;
				"INFOPLIST_KEY_UILaunchScreen_Generation[sdk=iphonesimulator*]" = YES;
				"INFOPLIST_KEY_UIStatusBarStyle[sdk=iphoneos*]" = UIStatusBarStyleDefault;
				"INFOPLIST_KEY_UIStatusBarStyle[sdk=iphonesimulator*]" = UIStatusBarStyleDefault;
				INFOPLIST_KEY_UISupportedInterfaceOrientations_iPad = "UIInterfaceOrientationPortrait UIInterfaceOrientationPortraitUpsideDown UIInterfaceOrientationLandscapeLeft UIInterfaceOrientationLandscapeRight";
				INFOPLIST_KEY_UISupportedInterfaceOrientations_iPhone = "UIInterfaceOrientationPortrait UIInterfaceOrientationLandscapeLeft UIInterfaceOrientationLandscapeRight";
				IPHONEOS_DEPLOYMENT_TARGET = 18.0;
				LD_RUNPATH_SEARCH_PATHS = "@executable_path/Frameworks";
				"LD_RUNPATH_SEARCH_PATHS[sdk=macosx*]" = "@executable_path/../Frameworks";
				MACOSX_DEPLOYMENT_TARGET = 15.0;
				MARKETING_VERSION = 1.0;
				PRODUCT_BUNDLE_IDENTIFIER = com.msanford1540.tictacspatial;
				PRODUCT_NAME = TicTacSpatial;
				SDKROOT = auto;
				SUPPORTED_PLATFORMS = "iphoneos iphonesimulator";
				SUPPORTS_MACCATALYST = YES;
				SWIFT_EMIT_LOC_STRINGS = YES;
				SWIFT_VERSION = 6.0;
				TARGETED_DEVICE_FAMILY = "1,2";
			};
			name = Release;
		};
		F5FDC9782BCDD8D0001EC38B /* Debug */ = {
			isa = XCBuildConfiguration;
			buildSettings = {
				BUNDLE_LOADER = "$(TEST_HOST)";
				CODE_SIGN_STYLE = Automatic;
				CURRENT_PROJECT_VERSION = 1;
				DEAD_CODE_STRIPPING = YES;
				DEVELOPMENT_TEAM = 66GSQHF5G6;
				ENABLE_USER_SCRIPT_SANDBOXING = YES;
				GENERATE_INFOPLIST_FILE = YES;
				IPHONEOS_DEPLOYMENT_TARGET = 17.4;
				MACOSX_DEPLOYMENT_TARGET = 14.4;
				MARKETING_VERSION = 1.0;
				PRODUCT_BUNDLE_IDENTIFIER = com.msanford1540.TicTacSpatialXTests;
				PRODUCT_NAME = "$(TARGET_NAME)";
				SDKROOT = auto;
				SUPPORTED_PLATFORMS = "iphoneos iphonesimulator macosx";
				SWIFT_EMIT_LOC_STRINGS = NO;
				SWIFT_VERSION = 5.0;
				TARGETED_DEVICE_FAMILY = "1,2";
				TEST_HOST = "$(BUILT_PRODUCTS_DIR)/TicTacSpatial.app/$(BUNDLE_EXECUTABLE_FOLDER_PATH)/TicTacSpatial";
			};
			name = Debug;
		};
		F5FDC9792BCDD8D0001EC38B /* Release */ = {
			isa = XCBuildConfiguration;
			buildSettings = {
				BUNDLE_LOADER = "$(TEST_HOST)";
				CODE_SIGN_STYLE = Automatic;
				CURRENT_PROJECT_VERSION = 1;
				DEAD_CODE_STRIPPING = YES;
				DEVELOPMENT_TEAM = 66GSQHF5G6;
				ENABLE_USER_SCRIPT_SANDBOXING = YES;
				GENERATE_INFOPLIST_FILE = YES;
				IPHONEOS_DEPLOYMENT_TARGET = 17.4;
				MACOSX_DEPLOYMENT_TARGET = 14.4;
				MARKETING_VERSION = 1.0;
				PRODUCT_BUNDLE_IDENTIFIER = com.msanford1540.TicTacSpatialXTests;
				PRODUCT_NAME = "$(TARGET_NAME)";
				SDKROOT = auto;
				SUPPORTED_PLATFORMS = "iphoneos iphonesimulator macosx";
				SWIFT_EMIT_LOC_STRINGS = NO;
				SWIFT_VERSION = 5.0;
				TARGETED_DEVICE_FAMILY = "1,2";
				TEST_HOST = "$(BUILT_PRODUCTS_DIR)/TicTacSpatial.app/$(BUNDLE_EXECUTABLE_FOLDER_PATH)/TicTacSpatial";
			};
			name = Release;
		};
		F5FDC9A42BCDE366001EC38B /* Debug */ = {
			isa = XCBuildConfiguration;
			buildSettings = {
				ALLOW_TARGET_PLATFORM_SPECIALIZATION = YES;
				BUILD_LIBRARY_FOR_DISTRIBUTION = YES;
				CODE_SIGN_IDENTITY = "";
				CODE_SIGN_STYLE = Automatic;
				CURRENT_PROJECT_VERSION = 1;
				DEAD_CODE_STRIPPING = YES;
				DEFINES_MODULE = YES;
				DEVELOPMENT_TEAM = 66GSQHF5G6;
				DYLIB_COMPATIBILITY_VERSION = 1;
				DYLIB_CURRENT_VERSION = 1;
				DYLIB_INSTALL_NAME_BASE = "@rpath";
				ENABLE_MODULE_VERIFIER = YES;
				ENABLE_USER_SCRIPT_SANDBOXING = YES;
				GENERATE_INFOPLIST_FILE = YES;
				INFOPLIST_KEY_NSHumanReadableCopyright = "";
				INSTALL_PATH = "$(LOCAL_LIBRARY_DIR)/Frameworks";
				IPHONEOS_DEPLOYMENT_TARGET = 18.0;
				LD_RUNPATH_SEARCH_PATHS = (
					"@executable_path/Frameworks",
					"@loader_path/Frameworks",
				);
				"LD_RUNPATH_SEARCH_PATHS[sdk=macosx*]" = (
					"@executable_path/../Frameworks",
					"@loader_path/Frameworks",
				);
				MACOSX_DEPLOYMENT_TARGET = 14.0;
				MARKETING_VERSION = 1.0;
				MODULE_VERIFIER_SUPPORTED_LANGUAGES = "objective-c objective-c++";
				MODULE_VERIFIER_SUPPORTED_LANGUAGE_STANDARDS = "gnu17 gnu++20";
				PRODUCT_BUNDLE_IDENTIFIER = com.msanford1540.TicTacToeEngine;
				PRODUCT_NAME = "$(TARGET_NAME:c99extidentifier)";
				SDKROOT = auto;
				SKIP_INSTALL = YES;
				SUPPORTED_PLATFORMS = "iphoneos iphonesimulator macosx xros xrsimulator";
				SUPPORTS_MACCATALYST = YES;
				SWIFT_EMIT_LOC_STRINGS = YES;
				SWIFT_INSTALL_OBJC_HEADER = NO;
				SWIFT_VERSION = 6.0;
				TARGETED_DEVICE_FAMILY = "1,2,7";
				VERSIONING_SYSTEM = "apple-generic";
				VERSION_INFO_PREFIX = "";
				XROS_DEPLOYMENT_TARGET = 2.0;
			};
			name = Debug;
		};
		F5FDC9A52BCDE366001EC38B /* Release */ = {
			isa = XCBuildConfiguration;
			buildSettings = {
				ALLOW_TARGET_PLATFORM_SPECIALIZATION = YES;
				BUILD_LIBRARY_FOR_DISTRIBUTION = YES;
				CODE_SIGN_IDENTITY = "";
				CODE_SIGN_STYLE = Automatic;
				CURRENT_PROJECT_VERSION = 1;
				DEAD_CODE_STRIPPING = YES;
				DEFINES_MODULE = YES;
				DEVELOPMENT_TEAM = 66GSQHF5G6;
				DYLIB_COMPATIBILITY_VERSION = 1;
				DYLIB_CURRENT_VERSION = 1;
				DYLIB_INSTALL_NAME_BASE = "@rpath";
				ENABLE_MODULE_VERIFIER = YES;
				ENABLE_USER_SCRIPT_SANDBOXING = YES;
				GENERATE_INFOPLIST_FILE = YES;
				INFOPLIST_KEY_NSHumanReadableCopyright = "";
				INSTALL_PATH = "$(LOCAL_LIBRARY_DIR)/Frameworks";
				IPHONEOS_DEPLOYMENT_TARGET = 18.0;
				LD_RUNPATH_SEARCH_PATHS = (
					"@executable_path/Frameworks",
					"@loader_path/Frameworks",
				);
				"LD_RUNPATH_SEARCH_PATHS[sdk=macosx*]" = (
					"@executable_path/../Frameworks",
					"@loader_path/Frameworks",
				);
				MACOSX_DEPLOYMENT_TARGET = 14.0;
				MARKETING_VERSION = 1.0;
				MODULE_VERIFIER_SUPPORTED_LANGUAGES = "objective-c objective-c++";
				MODULE_VERIFIER_SUPPORTED_LANGUAGE_STANDARDS = "gnu17 gnu++20";
				PRODUCT_BUNDLE_IDENTIFIER = com.msanford1540.TicTacToeEngine;
				PRODUCT_NAME = "$(TARGET_NAME:c99extidentifier)";
				SDKROOT = auto;
				SKIP_INSTALL = YES;
				SUPPORTED_PLATFORMS = "iphoneos iphonesimulator macosx xros xrsimulator";
				SUPPORTS_MACCATALYST = YES;
				SWIFT_EMIT_LOC_STRINGS = YES;
				SWIFT_INSTALL_OBJC_HEADER = NO;
				SWIFT_VERSION = 6.0;
				TARGETED_DEVICE_FAMILY = "1,2,7";
				VERSIONING_SYSTEM = "apple-generic";
				VERSION_INFO_PREFIX = "";
				XROS_DEPLOYMENT_TARGET = 2.0;
			};
			name = Release;
		};
		F5FDC9A82BCDE366001EC38B /* Debug */ = {
			isa = XCBuildConfiguration;
			buildSettings = {
				ALLOW_TARGET_PLATFORM_SPECIALIZATION = YES;
				CODE_SIGN_STYLE = Automatic;
				CURRENT_PROJECT_VERSION = 1;
				DEAD_CODE_STRIPPING = YES;
				DEVELOPMENT_TEAM = 66GSQHF5G6;
				ENABLE_USER_SCRIPT_SANDBOXING = YES;
				GENERATE_INFOPLIST_FILE = YES;
				IPHONEOS_DEPLOYMENT_TARGET = 17.4;
				MACOSX_DEPLOYMENT_TARGET = 14.4;
				MARKETING_VERSION = 1.0;
				PRODUCT_BUNDLE_IDENTIFIER = com.msanford1540.GameCoreTests;
				PRODUCT_NAME = "$(TARGET_NAME)";
				SDKROOT = auto;
				SUPPORTED_PLATFORMS = "iphoneos iphonesimulator macosx";
				SWIFT_EMIT_LOC_STRINGS = NO;
				SWIFT_VERSION = 5.0;
				TARGETED_DEVICE_FAMILY = "1,2";
			};
			name = Debug;
		};
		F5FDC9A92BCDE366001EC38B /* Release */ = {
			isa = XCBuildConfiguration;
			buildSettings = {
				ALLOW_TARGET_PLATFORM_SPECIALIZATION = YES;
				CODE_SIGN_STYLE = Automatic;
				CURRENT_PROJECT_VERSION = 1;
				DEAD_CODE_STRIPPING = YES;
				DEVELOPMENT_TEAM = 66GSQHF5G6;
				ENABLE_USER_SCRIPT_SANDBOXING = YES;
				GENERATE_INFOPLIST_FILE = YES;
				IPHONEOS_DEPLOYMENT_TARGET = 17.4;
				MACOSX_DEPLOYMENT_TARGET = 14.4;
				MARKETING_VERSION = 1.0;
				PRODUCT_BUNDLE_IDENTIFIER = com.msanford1540.GameCoreTests;
				PRODUCT_NAME = "$(TARGET_NAME)";
				SDKROOT = auto;
				SUPPORTED_PLATFORMS = "iphoneos iphonesimulator macosx";
				SWIFT_EMIT_LOC_STRINGS = NO;
				SWIFT_VERSION = 5.0;
				TARGETED_DEVICE_FAMILY = "1,2";
			};
			name = Release;
		};
/* End XCBuildConfiguration section */

/* Begin XCConfigurationList section */
		F5036B242BBC7AF400847D6A /* Build configuration list for PBXProject "tictacspatial" */ = {
			isa = XCConfigurationList;
			buildConfigurations = (
				F5036B442BBC7AF600847D6A /* Debug */,
				F5036B452BBC7AF600847D6A /* Release */,
			);
			defaultConfigurationIsVisible = 0;
			defaultConfigurationName = Release;
		};
		F5036B462BBC7AF600847D6A /* Build configuration list for PBXNativeTarget "TicTacSpactial-visionOS" */ = {
			isa = XCConfigurationList;
			buildConfigurations = (
				F5036B472BBC7AF600847D6A /* Debug */,
				F5036B482BBC7AF600847D6A /* Release */,
			);
			defaultConfigurationIsVisible = 0;
			defaultConfigurationName = Release;
		};
		F5036B492BBC7AF600847D6A /* Build configuration list for PBXNativeTarget "TicTacSpactial-visionOS-Tests" */ = {
			isa = XCConfigurationList;
			buildConfigurations = (
				F5036B4A2BBC7AF600847D6A /* Debug */,
				F5036B4B2BBC7AF600847D6A /* Release */,
			);
			defaultConfigurationIsVisible = 0;
			defaultConfigurationName = Release;
		};
		F555D5E52BD4488600B92AA4 /* Build configuration list for PBXNativeTarget "TicTacToeController" */ = {
			isa = XCConfigurationList;
			buildConfigurations = (
				F555D5E62BD4488600B92AA4 /* Debug */,
				F555D5E72BD4488600B92AA4 /* Release */,
			);
			defaultConfigurationIsVisible = 0;
			defaultConfigurationName = Release;
		};
		F555D5E82BD4488600B92AA4 /* Build configuration list for PBXNativeTarget "TicTacToeControllerTests" */ = {
			isa = XCConfigurationList;
			buildConfigurations = (
				F555D5E92BD4488600B92AA4 /* Debug */,
				F555D5EA2BD4488600B92AA4 /* Release */,
			);
			defaultConfigurationIsVisible = 0;
			defaultConfigurationName = Release;
		};
		F5FDC9742BCDD8D0001EC38B /* Build configuration list for PBXNativeTarget "TicTacSpatial-iOS" */ = {
			isa = XCConfigurationList;
			buildConfigurations = (
				F5FDC9752BCDD8D0001EC38B /* Debug */,
				F5FDC9762BCDD8D0001EC38B /* Release */,
			);
			defaultConfigurationIsVisible = 0;
			defaultConfigurationName = Release;
		};
		F5FDC9772BCDD8D0001EC38B /* Build configuration list for PBXNativeTarget "TicTacSpatial-iOS-Tests" */ = {
			isa = XCConfigurationList;
			buildConfigurations = (
				F5FDC9782BCDD8D0001EC38B /* Debug */,
				F5FDC9792BCDD8D0001EC38B /* Release */,
			);
			defaultConfigurationIsVisible = 0;
			defaultConfigurationName = Release;
		};
		F5FDC9A32BCDE366001EC38B /* Build configuration list for PBXNativeTarget "TicTacToeEngine" */ = {
			isa = XCConfigurationList;
			buildConfigurations = (
				F5FDC9A42BCDE366001EC38B /* Debug */,
				F5FDC9A52BCDE366001EC38B /* Release */,
			);
			defaultConfigurationIsVisible = 0;
			defaultConfigurationName = Release;
		};
		F5FDC9A72BCDE366001EC38B /* Build configuration list for PBXNativeTarget "TicTacToeEngineTests" */ = {
			isa = XCConfigurationList;
			buildConfigurations = (
				F5FDC9A82BCDE366001EC38B /* Debug */,
				F5FDC9A92BCDE366001EC38B /* Release */,
			);
			defaultConfigurationIsVisible = 0;
			defaultConfigurationName = Release;
		};
/* End XCConfigurationList section */
	};
	rootObject = F5036B212BBC7AF400847D6A /* Project object */;
}
